// !$*UTF8*$!
{
	archiveVersion = 1;
	classes = {
	};
	objectVersion = 56;
	objects = {

/* Begin PBXBuildFile section */
		BD12F4ED2AED4F1D00C9EFED /* Realm in Frameworks */ = {isa = PBXBuildFile; productRef = BD12F4EC2AED4F1D00C9EFED /* Realm */; };
		BD12F4EF2AED4F1D00C9EFED /* RealmSwift in Frameworks */ = {isa = PBXBuildFile; productRef = BD12F4EE2AED4F1D00C9EFED /* RealmSwift */; };
		BD12F4F52AED527E00C9EFED /* InterviewInfo.swift in Sources */ = {isa = PBXBuildFile; fileRef = BD12F4F42AED527E00C9EFED /* InterviewInfo.swift */; };
		BD1809032AE0367000B035AA /* HomeManager.swift in Sources */ = {isa = PBXBuildFile; fileRef = BD1809022AE0367000B035AA /* HomeManager.swift */; };
		BD1809052AE0373700B035AA /* SplashView.swift in Sources */ = {isa = PBXBuildFile; fileRef = BD1809042AE0373700B035AA /* SplashView.swift */; };
		BD1902BA2AEE026F00F2F892 /* AppConstants.swift in Sources */ = {isa = PBXBuildFile; fileRef = BD1902B92AEE026F00F2F892 /* AppConstants.swift */; };
		BD1902BD2AEE0A0500F2F892 /* RootResponse.swift in Sources */ = {isa = PBXBuildFile; fileRef = BD1902BC2AEE0A0500F2F892 /* RootResponse.swift */; };
		BD1AFD8B2AE02BAB0078A177 /* JEC_FirstStepToCareerApp.swift in Sources */ = {isa = PBXBuildFile; fileRef = BD1AFD8A2AE02BAB0078A177 /* JEC_FirstStepToCareerApp.swift */; };
		BD1AFD8F2AE02BAB0078A177 /* Assets.xcassets in Resources */ = {isa = PBXBuildFile; fileRef = BD1AFD8E2AE02BAB0078A177 /* Assets.xcassets */; };
		BD1AFD922AE02BAB0078A177 /* Preview Assets.xcassets in Resources */ = {isa = PBXBuildFile; fileRef = BD1AFD912AE02BAB0078A177 /* Preview Assets.xcassets */; };
		BD1AFD9F2AE0318E0078A177 /* NotoSansJP-SemiBold.ttf in Resources */ = {isa = PBXBuildFile; fileRef = BD1AFD9A2AE0318E0078A177 /* NotoSansJP-SemiBold.ttf */; };
		BD1AFDA02AE0318E0078A177 /* NotoSansJP-Medium.ttf in Resources */ = {isa = PBXBuildFile; fileRef = BD1AFD9B2AE0318E0078A177 /* NotoSansJP-Medium.ttf */; };
		BD1AFDA12AE0318E0078A177 /* NotoSansJP-Bold.ttf in Resources */ = {isa = PBXBuildFile; fileRef = BD1AFD9C2AE0318E0078A177 /* NotoSansJP-Bold.ttf */; };
		BD1AFDA22AE0318E0078A177 /* NotoSansJP-Regular.ttf in Resources */ = {isa = PBXBuildFile; fileRef = BD1AFD9D2AE0318E0078A177 /* NotoSansJP-Regular.ttf */; };
		BD1AFDA32AE0318E0078A177 /* NotoSansJP-Black.ttf in Resources */ = {isa = PBXBuildFile; fileRef = BD1AFD9E2AE0318E0078A177 /* NotoSansJP-Black.ttf */; };
		BD1AFDA82AE032460078A177 /* Font+CustomFonts.swift in Sources */ = {isa = PBXBuildFile; fileRef = BD1AFDA72AE032460078A177 /* Font+CustomFonts.swift */; };
		BD1AFDAB2AE032EF0078A177 /* HomeView.swift in Sources */ = {isa = PBXBuildFile; fileRef = BD1AFDAA2AE032EF0078A177 /* HomeView.swift */; };
		BD3981FE2AE0425D00955A72 /* HomePage.swift in Sources */ = {isa = PBXBuildFile; fileRef = BD3981FD2AE0425D00955A72 /* HomePage.swift */; };
		BD4A93F42AE0C39D0064BA95 /* View+KeyboardControl.swift in Sources */ = {isa = PBXBuildFile; fileRef = BD4A93F32AE0C39D0064BA95 /* View+KeyboardControl.swift */; };
		BD4A93F62AE0C9310064BA95 /* CompanyType.swift in Sources */ = {isa = PBXBuildFile; fileRef = BD4A93F52AE0C9310064BA95 /* CompanyType.swift */; };
		BD4A93F82AE0CAD40064BA95 /* CompanyTypeSelectorView.swift in Sources */ = {isa = PBXBuildFile; fileRef = BD4A93F72AE0CAD40064BA95 /* CompanyTypeSelectorView.swift */; };
		BD65E4AC2AED47CB00A345FE /* MockInterviewInitializeView.swift in Sources */ = {isa = PBXBuildFile; fileRef = BD65E4AB2AED47CB00A345FE /* MockInterviewInitializeView.swift */; };
		BD6782652AEE5F1600C5B0D9 /* LoadingIndicator.swift in Sources */ = {isa = PBXBuildFile; fileRef = BD6782642AEE5F1600C5B0D9 /* LoadingIndicator.swift */; };
		BD6782762AEE9F1800C5B0D9 /* CameraPreview.swift in Sources */ = {isa = PBXBuildFile; fileRef = BD6782752AEE9F1800C5B0D9 /* CameraPreview.swift */; };
		BD6782792AEEBA3600C5B0D9 /* CameraService.swift in Sources */ = {isa = PBXBuildFile; fileRef = BD6782782AEEBA3600C5B0D9 /* CameraService.swift */; };
		BD67827B2AEEC9A500C5B0D9 /* MockInterviewManager.swift in Sources */ = {isa = PBXBuildFile; fileRef = BD67827A2AEEC9A500C5B0D9 /* MockInterviewManager.swift */; };
		BD69AE412AE981D800C7DA1E /* CareerType.swift in Sources */ = {isa = PBXBuildFile; fileRef = BD69AE402AE981D800C7DA1E /* CareerType.swift */; };
		BDAF3F362AED40B200AA32FD /* CareerTypeSelectorView.swift in Sources */ = {isa = PBXBuildFile; fileRef = BDAF3F352AED40B200AA32FD /* CareerTypeSelectorView.swift */; };
		BDDAEA7D2AE05E4000D24153 /* MockInterviewPage.swift in Sources */ = {isa = PBXBuildFile; fileRef = BDDAEA7C2AE05E4000D24153 /* MockInterviewPage.swift */; };
		BDDAEA802AE06A1900D24153 /* InterviewType.swift in Sources */ = {isa = PBXBuildFile; fileRef = BDDAEA7F2AE06A1900D24153 /* InterviewType.swift */; };
/* End PBXBuildFile section */

/* Begin PBXFileReference section */
		BD12F4F42AED527E00C9EFED /* InterviewInfo.swift */ = {isa = PBXFileReference; lastKnownFileType = sourcecode.swift; path = InterviewInfo.swift; sourceTree = "<group>"; };
		BD1809022AE0367000B035AA /* HomeManager.swift */ = {isa = PBXFileReference; lastKnownFileType = sourcecode.swift; path = HomeManager.swift; sourceTree = "<group>"; };
		BD1809042AE0373700B035AA /* SplashView.swift */ = {isa = PBXFileReference; lastKnownFileType = sourcecode.swift; path = SplashView.swift; sourceTree = "<group>"; };
		BD1902B92AEE026F00F2F892 /* AppConstants.swift */ = {isa = PBXFileReference; lastKnownFileType = sourcecode.swift; path = AppConstants.swift; sourceTree = "<group>"; };
		BD1902BC2AEE0A0500F2F892 /* RootResponse.swift */ = {isa = PBXFileReference; lastKnownFileType = sourcecode.swift; path = RootResponse.swift; sourceTree = "<group>"; };
		BD1AFD872AE02BAB0078A177 /* JEC-FirstStepToCareer.app */ = {isa = PBXFileReference; explicitFileType = wrapper.application; includeInIndex = 0; path = "JEC-FirstStepToCareer.app"; sourceTree = BUILT_PRODUCTS_DIR; };
		BD1AFD8A2AE02BAB0078A177 /* JEC_FirstStepToCareerApp.swift */ = {isa = PBXFileReference; lastKnownFileType = sourcecode.swift; path = JEC_FirstStepToCareerApp.swift; sourceTree = "<group>"; };
		BD1AFD8E2AE02BAB0078A177 /* Assets.xcassets */ = {isa = PBXFileReference; lastKnownFileType = folder.assetcatalog; path = Assets.xcassets; sourceTree = "<group>"; };
		BD1AFD912AE02BAB0078A177 /* Preview Assets.xcassets */ = {isa = PBXFileReference; lastKnownFileType = folder.assetcatalog; path = "Preview Assets.xcassets"; sourceTree = "<group>"; };
		BD1AFD9A2AE0318E0078A177 /* NotoSansJP-SemiBold.ttf */ = {isa = PBXFileReference; lastKnownFileType = file; path = "NotoSansJP-SemiBold.ttf"; sourceTree = "<group>"; };
		BD1AFD9B2AE0318E0078A177 /* NotoSansJP-Medium.ttf */ = {isa = PBXFileReference; lastKnownFileType = file; path = "NotoSansJP-Medium.ttf"; sourceTree = "<group>"; };
		BD1AFD9C2AE0318E0078A177 /* NotoSansJP-Bold.ttf */ = {isa = PBXFileReference; lastKnownFileType = file; path = "NotoSansJP-Bold.ttf"; sourceTree = "<group>"; };
		BD1AFD9D2AE0318E0078A177 /* NotoSansJP-Regular.ttf */ = {isa = PBXFileReference; lastKnownFileType = file; path = "NotoSansJP-Regular.ttf"; sourceTree = "<group>"; };
		BD1AFD9E2AE0318E0078A177 /* NotoSansJP-Black.ttf */ = {isa = PBXFileReference; lastKnownFileType = file; path = "NotoSansJP-Black.ttf"; sourceTree = "<group>"; };
		BD1AFDA42AE031A20078A177 /* Info.plist */ = {isa = PBXFileReference; lastKnownFileType = text.plist; path = Info.plist; sourceTree = "<group>"; };
		BD1AFDA72AE032460078A177 /* Font+CustomFonts.swift */ = {isa = PBXFileReference; lastKnownFileType = sourcecode.swift; path = "Font+CustomFonts.swift"; sourceTree = "<group>"; };
		BD1AFDAA2AE032EF0078A177 /* HomeView.swift */ = {isa = PBXFileReference; lastKnownFileType = sourcecode.swift; path = HomeView.swift; sourceTree = "<group>"; };
		BD3981FD2AE0425D00955A72 /* HomePage.swift */ = {isa = PBXFileReference; lastKnownFileType = sourcecode.swift; path = HomePage.swift; sourceTree = "<group>"; };
		BD4A93F32AE0C39D0064BA95 /* View+KeyboardControl.swift */ = {isa = PBXFileReference; lastKnownFileType = sourcecode.swift; path = "View+KeyboardControl.swift"; sourceTree = "<group>"; };
		BD4A93F52AE0C9310064BA95 /* CompanyType.swift */ = {isa = PBXFileReference; lastKnownFileType = sourcecode.swift; path = CompanyType.swift; sourceTree = "<group>"; };
		BD4A93F72AE0CAD40064BA95 /* CompanyTypeSelectorView.swift */ = {isa = PBXFileReference; lastKnownFileType = sourcecode.swift; path = CompanyTypeSelectorView.swift; sourceTree = "<group>"; };
		BD65E4AB2AED47CB00A345FE /* MockInterviewInitializeView.swift */ = {isa = PBXFileReference; lastKnownFileType = sourcecode.swift; path = MockInterviewInitializeView.swift; sourceTree = "<group>"; };
		BD6782642AEE5F1600C5B0D9 /* LoadingIndicator.swift */ = {isa = PBXFileReference; lastKnownFileType = sourcecode.swift; path = LoadingIndicator.swift; sourceTree = "<group>"; };
		BD6782752AEE9F1800C5B0D9 /* CameraPreview.swift */ = {isa = PBXFileReference; lastKnownFileType = sourcecode.swift; path = CameraPreview.swift; sourceTree = "<group>"; };
		BD6782782AEEBA3600C5B0D9 /* CameraService.swift */ = {isa = PBXFileReference; lastKnownFileType = sourcecode.swift; path = CameraService.swift; sourceTree = "<group>"; };
		BD67827A2AEEC9A500C5B0D9 /* MockInterviewManager.swift */ = {isa = PBXFileReference; lastKnownFileType = sourcecode.swift; path = MockInterviewManager.swift; sourceTree = "<group>"; };
		BD69AE402AE981D800C7DA1E /* CareerType.swift */ = {isa = PBXFileReference; lastKnownFileType = sourcecode.swift; path = CareerType.swift; sourceTree = "<group>"; };
		BDAF3F352AED40B200AA32FD /* CareerTypeSelectorView.swift */ = {isa = PBXFileReference; lastKnownFileType = sourcecode.swift; path = CareerTypeSelectorView.swift; sourceTree = "<group>"; };
		BDDAEA7C2AE05E4000D24153 /* MockInterviewPage.swift */ = {isa = PBXFileReference; lastKnownFileType = sourcecode.swift; path = MockInterviewPage.swift; sourceTree = "<group>"; };
		BDDAEA7F2AE06A1900D24153 /* InterviewType.swift */ = {isa = PBXFileReference; lastKnownFileType = sourcecode.swift; path = InterviewType.swift; sourceTree = "<group>"; };
/* End PBXFileReference section */

/* Begin PBXFrameworksBuildPhase section */
		BD1AFD842AE02BAB0078A177 /* Frameworks */ = {
			isa = PBXFrameworksBuildPhase;
			buildActionMask = 2147483647;
			files = (
				BD12F4EF2AED4F1D00C9EFED /* RealmSwift in Frameworks */,
				BD12F4ED2AED4F1D00C9EFED /* Realm in Frameworks */,
			);
			runOnlyForDeploymentPostprocessing = 0;
		};
/* End PBXFrameworksBuildPhase section */

/* Begin PBXGroup section */
		BD12F4F22AED524900C9EFED /* RealmObject */ = {
			isa = PBXGroup;
			children = (
				BD12F4F42AED527E00C9EFED /* InterviewInfo.swift */,
			);
			path = RealmObject;
			sourceTree = "<group>";
		};
		BD1809012AE0365500B035AA /* ViewModel */ = {
			isa = PBXGroup;
			children = (
				BD1809022AE0367000B035AA /* HomeManager.swift */,
				BD67827A2AEEC9A500C5B0D9 /* MockInterviewManager.swift */,
			);
			path = ViewModel;
			sourceTree = "<group>";
		};
		BD1902BB2AEE09BB00F2F892 /* Response */ = {
			isa = PBXGroup;
			children = (
				BD1902BC2AEE0A0500F2F892 /* RootResponse.swift */,
			);
			path = Response;
			sourceTree = "<group>";
		};
		BD1AFD7E2AE02BAB0078A177 = {
			isa = PBXGroup;
			children = (
				BD1AFD892AE02BAB0078A177 /* JEC-FirstStepToCareer */,
				BD1AFD882AE02BAB0078A177 /* Products */,
			);
			sourceTree = "<group>";
		};
		BD1AFD882AE02BAB0078A177 /* Products */ = {
			isa = PBXGroup;
			children = (
				BD1AFD872AE02BAB0078A177 /* JEC-FirstStepToCareer.app */,
			);
			name = Products;
			sourceTree = "<group>";
		};
		BD1AFD892AE02BAB0078A177 /* JEC-FirstStepToCareer */ = {
			isa = PBXGroup;
			children = (
				BD1AFDA42AE031A20078A177 /* Info.plist */,
				BD1AFDA52AE031F10078A177 /* App */,
				BD3981FF2AE0426400955A72 /* Model */,
				BD1AFDA92AE032DF0078A177 /* View */,
				BD1809012AE0365500B035AA /* ViewModel */,
				BD1AFDA62AE031FF0078A177 /* Extensions */,
				BD1AFD992AE0316C0078A177 /* Resource */,
				BD1AFD902AE02BAB0078A177 /* Preview Content */,
			);
			path = "JEC-FirstStepToCareer";
			sourceTree = "<group>";
		};
		BD1AFD902AE02BAB0078A177 /* Preview Content */ = {
			isa = PBXGroup;
			children = (
				BD1AFD912AE02BAB0078A177 /* Preview Assets.xcassets */,
			);
			path = "Preview Content";
			sourceTree = "<group>";
		};
		BD1AFD982AE031660078A177 /* Fonts */ = {
			isa = PBXGroup;
			children = (
				BD1AFD9E2AE0318E0078A177 /* NotoSansJP-Black.ttf */,
				BD1AFD9C2AE0318E0078A177 /* NotoSansJP-Bold.ttf */,
				BD1AFD9B2AE0318E0078A177 /* NotoSansJP-Medium.ttf */,
				BD1AFD9D2AE0318E0078A177 /* NotoSansJP-Regular.ttf */,
				BD1AFD9A2AE0318E0078A177 /* NotoSansJP-SemiBold.ttf */,
			);
			path = Fonts;
			sourceTree = "<group>";
		};
		BD1AFD992AE0316C0078A177 /* Resource */ = {
			isa = PBXGroup;
			children = (
				BD1AFD982AE031660078A177 /* Fonts */,
				BD1AFD8E2AE02BAB0078A177 /* Assets.xcassets */,
			);
			path = Resource;
			sourceTree = "<group>";
		};
		BD1AFDA52AE031F10078A177 /* App */ = {
			isa = PBXGroup;
			children = (
				BD1AFD8A2AE02BAB0078A177 /* JEC_FirstStepToCareerApp.swift */,
				BD1902B92AEE026F00F2F892 /* AppConstants.swift */,
			);
			path = App;
			sourceTree = "<group>";
		};
		BD1AFDA62AE031FF0078A177 /* Extensions */ = {
			isa = PBXGroup;
			children = (
				BD1AFDA72AE032460078A177 /* Font+CustomFonts.swift */,
				BD4A93F32AE0C39D0064BA95 /* View+KeyboardControl.swift */,
			);
			path = Extensions;
			sourceTree = "<group>";
		};
		BD1AFDA92AE032DF0078A177 /* View */ = {
			isa = PBXGroup;
			children = (
				BDDAEA7E2AE05E4700D24153 /* Core */,
				BDDAEA7A2AE05DAE00D24153 /* Component */,
			);
			path = View;
			sourceTree = "<group>";
		};
		BD3981FF2AE0426400955A72 /* Model */ = {
			isa = PBXGroup;
			children = (
				BD69AE3F2AE981A400C7DA1E /* Home */,
				BD69AE3E2AE9818E00C7DA1E /* MockInterview */,
				BD1902BB2AEE09BB00F2F892 /* Response */,
				BD12F4F22AED524900C9EFED /* RealmObject */,
				BD6782772AEEBA1F00C5B0D9 /* Camera */,
			);
			path = Model;
			sourceTree = "<group>";
		};
		BD6782772AEEBA1F00C5B0D9 /* Camera */ = {
			isa = PBXGroup;
			children = (
				BD6782782AEEBA3600C5B0D9 /* CameraService.swift */,
			);
			path = Camera;
			sourceTree = "<group>";
		};
		BD69AE3E2AE9818E00C7DA1E /* MockInterview */ = {
			isa = PBXGroup;
			children = (
				BDDAEA7F2AE06A1900D24153 /* InterviewType.swift */,
				BD4A93F52AE0C9310064BA95 /* CompanyType.swift */,
				BD69AE402AE981D800C7DA1E /* CareerType.swift */,
			);
			path = MockInterview;
			sourceTree = "<group>";
		};
		BD69AE3F2AE981A400C7DA1E /* Home */ = {
			isa = PBXGroup;
			children = (
				BD3981FD2AE0425D00955A72 /* HomePage.swift */,
			);
			path = Home;
			sourceTree = "<group>";
		};
		BDDAEA7A2AE05DAE00D24153 /* Component */ = {
			isa = PBXGroup;
			children = (
				BDDAEA7C2AE05E4000D24153 /* MockInterviewPage.swift */,
				BD6782642AEE5F1600C5B0D9 /* LoadingIndicator.swift */,
				BD6782752AEE9F1800C5B0D9 /* CameraPreview.swift */,
			);
			path = Component;
			sourceTree = "<group>";
		};
		BDDAEA7E2AE05E4700D24153 /* Core */ = {
			isa = PBXGroup;
			children = (
				BD1AFDAA2AE032EF0078A177 /* HomeView.swift */,
				BD1809042AE0373700B035AA /* SplashView.swift */,
				BD4A93F72AE0CAD40064BA95 /* CompanyTypeSelectorView.swift */,
				BDAF3F352AED40B200AA32FD /* CareerTypeSelectorView.swift */,
				BD65E4AB2AED47CB00A345FE /* MockInterviewInitializeView.swift */,
			);
			path = Core;
			sourceTree = "<group>";
		};
/* End PBXGroup section */

/* Begin PBXNativeTarget section */
		BD1AFD862AE02BAB0078A177 /* JEC-FirstStepToCareer */ = {
			isa = PBXNativeTarget;
			buildConfigurationList = BD1AFD952AE02BAB0078A177 /* Build configuration list for PBXNativeTarget "JEC-FirstStepToCareer" */;
			buildPhases = (
				BD1AFD832AE02BAB0078A177 /* Sources */,
				BD1AFD842AE02BAB0078A177 /* Frameworks */,
				BD1AFD852AE02BAB0078A177 /* Resources */,
			);
			buildRules = (
			);
			dependencies = (
			);
			name = "JEC-FirstStepToCareer";
			packageProductDependencies = (
				BD12F4EC2AED4F1D00C9EFED /* Realm */,
				BD12F4EE2AED4F1D00C9EFED /* RealmSwift */,
			);
			productName = "JEC-FirstStepToCareer";
			productReference = BD1AFD872AE02BAB0078A177 /* JEC-FirstStepToCareer.app */;
			productType = "com.apple.product-type.application";
		};
/* End PBXNativeTarget section */

/* Begin PBXProject section */
		BD1AFD7F2AE02BAB0078A177 /* Project object */ = {
			isa = PBXProject;
			attributes = {
				BuildIndependentTargetsInParallel = 1;
				LastSwiftUpdateCheck = 1500;
				LastUpgradeCheck = 1500;
				TargetAttributes = {
					BD1AFD862AE02BAB0078A177 = {
						CreatedOnToolsVersion = 15.0;
					};
				};
			};
			buildConfigurationList = BD1AFD822AE02BAB0078A177 /* Build configuration list for PBXProject "JEC-FirstStepToCareer" */;
			compatibilityVersion = "Xcode 14.0";
			developmentRegion = en;
			hasScannedForEncodings = 0;
			knownRegions = (
				en,
				Base,
			);
			mainGroup = BD1AFD7E2AE02BAB0078A177;
			packageReferences = (
				BD12F4EB2AED4F1D00C9EFED /* XCRemoteSwiftPackageReference "realm-swift" */,
			);
			productRefGroup = BD1AFD882AE02BAB0078A177 /* Products */;
			projectDirPath = "";
			projectRoot = "";
			targets = (
				BD1AFD862AE02BAB0078A177 /* JEC-FirstStepToCareer */,
			);
		};
/* End PBXProject section */

/* Begin PBXResourcesBuildPhase section */
		BD1AFD852AE02BAB0078A177 /* Resources */ = {
			isa = PBXResourcesBuildPhase;
			buildActionMask = 2147483647;
			files = (
				BD1AFDA22AE0318E0078A177 /* NotoSansJP-Regular.ttf in Resources */,
				BD1AFDA32AE0318E0078A177 /* NotoSansJP-Black.ttf in Resources */,
				BD1AFD922AE02BAB0078A177 /* Preview Assets.xcassets in Resources */,
				BD1AFD8F2AE02BAB0078A177 /* Assets.xcassets in Resources */,
				BD1AFDA12AE0318E0078A177 /* NotoSansJP-Bold.ttf in Resources */,
				BD1AFDA02AE0318E0078A177 /* NotoSansJP-Medium.ttf in Resources */,
				BD1AFD9F2AE0318E0078A177 /* NotoSansJP-SemiBold.ttf in Resources */,
			);
			runOnlyForDeploymentPostprocessing = 0;
		};
/* End PBXResourcesBuildPhase section */

/* Begin PBXSourcesBuildPhase section */
		BD1AFD832AE02BAB0078A177 /* Sources */ = {
			isa = PBXSourcesBuildPhase;
			buildActionMask = 2147483647;
			files = (
				BD6782652AEE5F1600C5B0D9 /* LoadingIndicator.swift in Sources */,
				BD1809032AE0367000B035AA /* HomeManager.swift in Sources */,
				BD4A93F82AE0CAD40064BA95 /* CompanyTypeSelectorView.swift in Sources */,
				BD65E4AC2AED47CB00A345FE /* MockInterviewInitializeView.swift in Sources */,
				BD3981FE2AE0425D00955A72 /* HomePage.swift in Sources */,
				BD6782762AEE9F1800C5B0D9 /* CameraPreview.swift in Sources */,
				BDAF3F362AED40B200AA32FD /* CareerTypeSelectorView.swift in Sources */,
				BD1AFDAB2AE032EF0078A177 /* HomeView.swift in Sources */,
				BD4A93F62AE0C9310064BA95 /* CompanyType.swift in Sources */,
				BDDAEA7D2AE05E4000D24153 /* MockInterviewPage.swift in Sources */,
				BD1902BD2AEE0A0500F2F892 /* RootResponse.swift in Sources */,
				BD67827B2AEEC9A500C5B0D9 /* MockInterviewManager.swift in Sources */,
				BD1809052AE0373700B035AA /* SplashView.swift in Sources */,
				BDDAEA802AE06A1900D24153 /* InterviewType.swift in Sources */,
				BD1AFD8B2AE02BAB0078A177 /* JEC_FirstStepToCareerApp.swift in Sources */,
				BD1902BA2AEE026F00F2F892 /* AppConstants.swift in Sources */,
				BD4A93F42AE0C39D0064BA95 /* View+KeyboardControl.swift in Sources */,
				BD1AFDA82AE032460078A177 /* Font+CustomFonts.swift in Sources */,
				BD69AE412AE981D800C7DA1E /* CareerType.swift in Sources */,
				BD12F4F52AED527E00C9EFED /* InterviewInfo.swift in Sources */,
				BD6782792AEEBA3600C5B0D9 /* CameraService.swift in Sources */,
			);
			runOnlyForDeploymentPostprocessing = 0;
		};
/* End PBXSourcesBuildPhase section */

/* Begin XCBuildConfiguration section */
		BD1AFD932AE02BAB0078A177 /* Debug */ = {
			isa = XCBuildConfiguration;
			buildSettings = {
				ALWAYS_SEARCH_USER_PATHS = NO;
				ASSETCATALOG_COMPILER_GENERATE_SWIFT_ASSET_SYMBOL_EXTENSIONS = YES;
				CLANG_ANALYZER_NONNULL = YES;
				CLANG_ANALYZER_NUMBER_OBJECT_CONVERSION = YES_AGGRESSIVE;
				CLANG_CXX_LANGUAGE_STANDARD = "gnu++20";
				CLANG_ENABLE_MODULES = YES;
				CLANG_ENABLE_OBJC_ARC = YES;
				CLANG_ENABLE_OBJC_WEAK = YES;
				CLANG_WARN_BLOCK_CAPTURE_AUTORELEASING = YES;
				CLANG_WARN_BOOL_CONVERSION = YES;
				CLANG_WARN_COMMA = YES;
				CLANG_WARN_CONSTANT_CONVERSION = YES;
				CLANG_WARN_DEPRECATED_OBJC_IMPLEMENTATIONS = YES;
				CLANG_WARN_DIRECT_OBJC_ISA_USAGE = YES_ERROR;
				CLANG_WARN_DOCUMENTATION_COMMENTS = YES;
				CLANG_WARN_EMPTY_BODY = YES;
				CLANG_WARN_ENUM_CONVERSION = YES;
				CLANG_WARN_INFINITE_RECURSION = YES;
				CLANG_WARN_INT_CONVERSION = YES;
				CLANG_WARN_NON_LITERAL_NULL_CONVERSION = YES;
				CLANG_WARN_OBJC_IMPLICIT_RETAIN_SELF = YES;
				CLANG_WARN_OBJC_LITERAL_CONVERSION = YES;
				CLANG_WARN_OBJC_ROOT_CLASS = YES_ERROR;
				CLANG_WARN_QUOTED_INCLUDE_IN_FRAMEWORK_HEADER = YES;
				CLANG_WARN_RANGE_LOOP_ANALYSIS = YES;
				CLANG_WARN_STRICT_PROTOTYPES = YES;
				CLANG_WARN_SUSPICIOUS_MOVE = YES;
				CLANG_WARN_UNGUARDED_AVAILABILITY = YES_AGGRESSIVE;
				CLANG_WARN_UNREACHABLE_CODE = YES;
				CLANG_WARN__DUPLICATE_METHOD_MATCH = YES;
				COPY_PHASE_STRIP = NO;
				DEBUG_INFORMATION_FORMAT = dwarf;
				ENABLE_STRICT_OBJC_MSGSEND = YES;
				ENABLE_TESTABILITY = YES;
				ENABLE_USER_SCRIPT_SANDBOXING = YES;
				GCC_C_LANGUAGE_STANDARD = gnu17;
				GCC_DYNAMIC_NO_PIC = NO;
				GCC_NO_COMMON_BLOCKS = YES;
				GCC_OPTIMIZATION_LEVEL = 0;
				GCC_PREPROCESSOR_DEFINITIONS = (
					"DEBUG=1",
					"$(inherited)",
				);
				GCC_WARN_64_TO_32_BIT_CONVERSION = YES;
				GCC_WARN_ABOUT_RETURN_TYPE = YES_ERROR;
				GCC_WARN_UNDECLARED_SELECTOR = YES;
				GCC_WARN_UNINITIALIZED_AUTOS = YES_AGGRESSIVE;
				GCC_WARN_UNUSED_FUNCTION = YES;
				GCC_WARN_UNUSED_VARIABLE = YES;
				IPHONEOS_DEPLOYMENT_TARGET = 16.0;
				LOCALIZATION_PREFERS_STRING_CATALOGS = YES;
				MTL_ENABLE_DEBUG_INFO = INCLUDE_SOURCE;
				MTL_FAST_MATH = YES;
				ONLY_ACTIVE_ARCH = YES;
				SDKROOT = iphoneos;
				SWIFT_ACTIVE_COMPILATION_CONDITIONS = "DEBUG $(inherited)";
				SWIFT_OPTIMIZATION_LEVEL = "-Onone";
			};
			name = Debug;
		};
		BD1AFD942AE02BAB0078A177 /* Release */ = {
			isa = XCBuildConfiguration;
			buildSettings = {
				ALWAYS_SEARCH_USER_PATHS = NO;
				ASSETCATALOG_COMPILER_GENERATE_SWIFT_ASSET_SYMBOL_EXTENSIONS = YES;
				CLANG_ANALYZER_NONNULL = YES;
				CLANG_ANALYZER_NUMBER_OBJECT_CONVERSION = YES_AGGRESSIVE;
				CLANG_CXX_LANGUAGE_STANDARD = "gnu++20";
				CLANG_ENABLE_MODULES = YES;
				CLANG_ENABLE_OBJC_ARC = YES;
				CLANG_ENABLE_OBJC_WEAK = YES;
				CLANG_WARN_BLOCK_CAPTURE_AUTORELEASING = YES;
				CLANG_WARN_BOOL_CONVERSION = YES;
				CLANG_WARN_COMMA = YES;
				CLANG_WARN_CONSTANT_CONVERSION = YES;
				CLANG_WARN_DEPRECATED_OBJC_IMPLEMENTATIONS = YES;
				CLANG_WARN_DIRECT_OBJC_ISA_USAGE = YES_ERROR;
				CLANG_WARN_DOCUMENTATION_COMMENTS = YES;
				CLANG_WARN_EMPTY_BODY = YES;
				CLANG_WARN_ENUM_CONVERSION = YES;
				CLANG_WARN_INFINITE_RECURSION = YES;
				CLANG_WARN_INT_CONVERSION = YES;
				CLANG_WARN_NON_LITERAL_NULL_CONVERSION = YES;
				CLANG_WARN_OBJC_IMPLICIT_RETAIN_SELF = YES;
				CLANG_WARN_OBJC_LITERAL_CONVERSION = YES;
				CLANG_WARN_OBJC_ROOT_CLASS = YES_ERROR;
				CLANG_WARN_QUOTED_INCLUDE_IN_FRAMEWORK_HEADER = YES;
				CLANG_WARN_RANGE_LOOP_ANALYSIS = YES;
				CLANG_WARN_STRICT_PROTOTYPES = YES;
				CLANG_WARN_SUSPICIOUS_MOVE = YES;
				CLANG_WARN_UNGUARDED_AVAILABILITY = YES_AGGRESSIVE;
				CLANG_WARN_UNREACHABLE_CODE = YES;
				CLANG_WARN__DUPLICATE_METHOD_MATCH = YES;
				COPY_PHASE_STRIP = NO;
				DEBUG_INFORMATION_FORMAT = "dwarf-with-dsym";
				ENABLE_NS_ASSERTIONS = NO;
				ENABLE_STRICT_OBJC_MSGSEND = YES;
				ENABLE_USER_SCRIPT_SANDBOXING = YES;
				GCC_C_LANGUAGE_STANDARD = gnu17;
				GCC_NO_COMMON_BLOCKS = YES;
				GCC_WARN_64_TO_32_BIT_CONVERSION = YES;
				GCC_WARN_ABOUT_RETURN_TYPE = YES_ERROR;
				GCC_WARN_UNDECLARED_SELECTOR = YES;
				GCC_WARN_UNINITIALIZED_AUTOS = YES_AGGRESSIVE;
				GCC_WARN_UNUSED_FUNCTION = YES;
				GCC_WARN_UNUSED_VARIABLE = YES;
				IPHONEOS_DEPLOYMENT_TARGET = 16.0;
				LOCALIZATION_PREFERS_STRING_CATALOGS = YES;
				MTL_ENABLE_DEBUG_INFO = NO;
				MTL_FAST_MATH = YES;
				SDKROOT = iphoneos;
				SWIFT_COMPILATION_MODE = wholemodule;
				VALIDATE_PRODUCT = YES;
			};
			name = Release;
		};
		BD1AFD962AE02BAB0078A177 /* Debug */ = {
			isa = XCBuildConfiguration;
			buildSettings = {
				ASSETCATALOG_COMPILER_APPICON_NAME = AppIcon;
				ASSETCATALOG_COMPILER_GLOBAL_ACCENT_COLOR_NAME = AccentColor;
				CODE_SIGN_STYLE = Automatic;
				CURRENT_PROJECT_VERSION = 1;
				DEVELOPMENT_ASSET_PATHS = "\"JEC-FirstStepToCareer/Preview Content\"";
				DEVELOPMENT_TEAM = SHUGXU55KP;
				ENABLE_PREVIEWS = YES;
				GENERATE_INFOPLIST_FILE = YES;
				INFOPLIST_FILE = "JEC-FirstStepToCareer/Info.plist";
				INFOPLIST_KEY_CFBundleDisplayName = "就活一歩";
				INFOPLIST_KEY_UIApplicationSceneManifest_Generation = YES;
				INFOPLIST_KEY_UIApplicationSupportsIndirectInputEvents = YES;
				INFOPLIST_KEY_UILaunchScreen_Generation = YES;
				INFOPLIST_KEY_UISupportedInterfaceOrientations_iPad = "UIInterfaceOrientationPortrait UIInterfaceOrientationPortraitUpsideDown UIInterfaceOrientationLandscapeLeft UIInterfaceOrientationLandscapeRight";
				INFOPLIST_KEY_UISupportedInterfaceOrientations_iPhone = "UIInterfaceOrientationPortrait UIInterfaceOrientationLandscapeLeft UIInterfaceOrientationLandscapeRight";
				IPHONEOS_DEPLOYMENT_TARGET = 16.0;
				LD_RUNPATH_SEARCH_PATHS = (
					"$(inherited)",
					"@executable_path/Frameworks",
				);
				MARKETING_VERSION = 1.0;
				PRODUCT_BUNDLE_IDENTIFIER = "com.znak99.JEC-FirstStepToCareer";
				PRODUCT_NAME = "$(TARGET_NAME)";
				SWIFT_EMIT_LOC_STRINGS = YES;
				SWIFT_VERSION = 5.0;
				TARGETED_DEVICE_FAMILY = "1,2";
			};
			name = Debug;
		};
		BD1AFD972AE02BAB0078A177 /* Release */ = {
			isa = XCBuildConfiguration;
			buildSettings = {
				ASSETCATALOG_COMPILER_APPICON_NAME = AppIcon;
				ASSETCATALOG_COMPILER_GLOBAL_ACCENT_COLOR_NAME = AccentColor;
				CODE_SIGN_STYLE = Automatic;
				CURRENT_PROJECT_VERSION = 1;
				DEVELOPMENT_ASSET_PATHS = "\"JEC-FirstStepToCareer/Preview Content\"";
				DEVELOPMENT_TEAM = SHUGXU55KP;
				ENABLE_PREVIEWS = YES;
				GENERATE_INFOPLIST_FILE = YES;
				INFOPLIST_FILE = "JEC-FirstStepToCareer/Info.plist";
				INFOPLIST_KEY_CFBundleDisplayName = "就活一歩";
				INFOPLIST_KEY_UIApplicationSceneManifest_Generation = YES;
				INFOPLIST_KEY_UIApplicationSupportsIndirectInputEvents = YES;
				INFOPLIST_KEY_UILaunchScreen_Generation = YES;
				INFOPLIST_KEY_UISupportedInterfaceOrientations_iPad = "UIInterfaceOrientationPortrait UIInterfaceOrientationPortraitUpsideDown UIInterfaceOrientationLandscapeLeft UIInterfaceOrientationLandscapeRight";
				INFOPLIST_KEY_UISupportedInterfaceOrientations_iPhone = "UIInterfaceOrientationPortrait UIInterfaceOrientationLandscapeLeft UIInterfaceOrientationLandscapeRight";
				IPHONEOS_DEPLOYMENT_TARGET = 16.0;
				LD_RUNPATH_SEARCH_PATHS = (
					"$(inherited)",
					"@executable_path/Frameworks",
				);
				MARKETING_VERSION = 1.0;
				PRODUCT_BUNDLE_IDENTIFIER = "com.znak99.JEC-FirstStepToCareer";
				PRODUCT_NAME = "$(TARGET_NAME)";
				SWIFT_EMIT_LOC_STRINGS = YES;
				SWIFT_VERSION = 5.0;
				TARGETED_DEVICE_FAMILY = "1,2";
			};
			name = Release;
		};
/* End XCBuildConfiguration section */

/* Begin XCConfigurationList section */
		BD1AFD822AE02BAB0078A177 /* Build configuration list for PBXProject "JEC-FirstStepToCareer" */ = {
			isa = XCConfigurationList;
			buildConfigurations = (
				BD1AFD932AE02BAB0078A177 /* Debug */,
				BD1AFD942AE02BAB0078A177 /* Release */,
			);
			defaultConfigurationIsVisible = 0;
			defaultConfigurationName = Release;
		};
		BD1AFD952AE02BAB0078A177 /* Build configuration list for PBXNativeTarget "JEC-FirstStepToCareer" */ = {
			isa = XCConfigurationList;
			buildConfigurations = (
				BD1AFD962AE02BAB0078A177 /* Debug */,
				BD1AFD972AE02BAB0078A177 /* Release */,
			);
			defaultConfigurationIsVisible = 0;
			defaultConfigurationName = Release;
		};
/* End XCConfigurationList section */

/* Begin XCRemoteSwiftPackageReference section */
		BD12F4EB2AED4F1D00C9EFED /* XCRemoteSwiftPackageReference "realm-swift" */ = {
			isa = XCRemoteSwiftPackageReference;
			repositoryURL = "https://github.com/realm/realm-swift.git";
			requirement = {
				branch = master;
				kind = branch;
			};
		};
/* End XCRemoteSwiftPackageReference section */

/* Begin XCSwiftPackageProductDependency section */
		BD12F4EC2AED4F1D00C9EFED /* Realm */ = {
			isa = XCSwiftPackageProductDependency;
			package = BD12F4EB2AED4F1D00C9EFED /* XCRemoteSwiftPackageReference "realm-swift" */;
			productName = Realm;
		};
		BD12F4EE2AED4F1D00C9EFED /* RealmSwift */ = {
			isa = XCSwiftPackageProductDependency;
			package = BD12F4EB2AED4F1D00C9EFED /* XCRemoteSwiftPackageReference "realm-swift" */;
			productName = RealmSwift;
		};
/* End XCSwiftPackageProductDependency section */
	};
	rootObject = BD1AFD7F2AE02BAB0078A177 /* Project object */;
}
