// !$*UTF8*$!
{
	archiveVersion = 1;
	classes = {
	};
	objectVersion = 56;
	objects = {

/* Begin PBXBuildFile section */
		BD1AFD8B2AE02BAB0078A177 /* JEC_FirstStepToCareerApp.swift in Sources */ = {isa = PBXBuildFile; fileRef = BD1AFD8A2AE02BAB0078A177 /* JEC_FirstStepToCareerApp.swift */; };
		BD1AFD8F2AE02BAB0078A177 /* Assets.xcassets in Resources */ = {isa = PBXBuildFile; fileRef = BD1AFD8E2AE02BAB0078A177 /* Assets.xcassets */; };
		BD1AFD922AE02BAB0078A177 /* Preview Assets.xcassets in Resources */ = {isa = PBXBuildFile; fileRef = BD1AFD912AE02BAB0078A177 /* Preview Assets.xcassets */; };
		BD1AFD9F2AE0318E0078A177 /* NotoSansJP-SemiBold.ttf in Resources */ = {isa = PBXBuildFile; fileRef = BD1AFD9A2AE0318E0078A177 /* NotoSansJP-SemiBold.ttf */; };
		BD1AFDA02AE0318E0078A177 /* NotoSansJP-Medium.ttf in Resources */ = {isa = PBXBuildFile; fileRef = BD1AFD9B2AE0318E0078A177 /* NotoSansJP-Medium.ttf */; };
		BD1AFDA12AE0318E0078A177 /* NotoSansJP-Bold.ttf in Resources */ = {isa = PBXBuildFile; fileRef = BD1AFD9C2AE0318E0078A177 /* NotoSansJP-Bold.ttf */; };
		BD1AFDA22AE0318E0078A177 /* NotoSansJP-Regular.ttf in Resources */ = {isa = PBXBuildFile; fileRef = BD1AFD9D2AE0318E0078A177 /* NotoSansJP-Regular.ttf */; };
		BD1AFDA32AE0318E0078A177 /* NotoSansJP-Black.ttf in Resources */ = {isa = PBXBuildFile; fileRef = BD1AFD9E2AE0318E0078A177 /* NotoSansJP-Black.ttf */; };
		BD1AFDA82AE032460078A177 /* Font+CustomFonts.swift in Sources */ = {isa = PBXBuildFile; fileRef = BD1AFDA72AE032460078A177 /* Font+CustomFonts.swift */; };
		BD1AFDAB2AE032EF0078A177 /* HomeView.swift in Sources */ = {isa = PBXBuildFile; fileRef = BD1AFDAA2AE032EF0078A177 /* HomeView.swift */; };
/* End PBXBuildFile section */

/* Begin PBXFileReference section */
		BD1AFD872AE02BAB0078A177 /* JEC-FirstStepToCareer.app */ = {isa = PBXFileReference; explicitFileType = wrapper.application; includeInIndex = 0; path = "JEC-FirstStepToCareer.app"; sourceTree = BUILT_PRODUCTS_DIR; };
		BD1AFD8A2AE02BAB0078A177 /* JEC_FirstStepToCareerApp.swift */ = {isa = PBXFileReference; lastKnownFileType = sourcecode.swift; path = JEC_FirstStepToCareerApp.swift; sourceTree = "<group>"; };
		BD1AFD8E2AE02BAB0078A177 /* Assets.xcassets */ = {isa = PBXFileReference; lastKnownFileType = folder.assetcatalog; path = Assets.xcassets; sourceTree = "<group>"; };
		BD1AFD912AE02BAB0078A177 /* Preview Assets.xcassets */ = {isa = PBXFileReference; lastKnownFileType = folder.assetcatalog; path = "Preview Assets.xcassets"; sourceTree = "<group>"; };
		BD1AFD9A2AE0318E0078A177 /* NotoSansJP-SemiBold.ttf */ = {isa = PBXFileReference; lastKnownFileType = file; path = "NotoSansJP-SemiBold.ttf"; sourceTree = "<group>"; };
		BD1AFD9B2AE0318E0078A177 /* NotoSansJP-Medium.ttf */ = {isa = PBXFileReference; lastKnownFileType = file; path = "NotoSansJP-Medium.ttf"; sourceTree = "<group>"; };
		BD1AFD9C2AE0318E0078A177 /* NotoSansJP-Bold.ttf */ = {isa = PBXFileReference; lastKnownFileType = file; path = "NotoSansJP-Bold.ttf"; sourceTree = "<group>"; };
		BD1AFD9D2AE0318E0078A177 /* NotoSansJP-Regular.ttf */ = {isa = PBXFileReference; lastKnownFileType = file; path = "NotoSansJP-Regular.ttf"; sourceTree = "<group>"; };
		BD1AFD9E2AE0318E0078A177 /* NotoSansJP-Black.ttf */ = {isa = PBXFileReference; lastKnownFileType = file; path = "NotoSansJP-Black.ttf"; sourceTree = "<group>"; };
		BD1AFDA42AE031A20078A177 /* Info.plist */ = {isa = PBXFileReference; lastKnownFileType = text.plist; path = Info.plist; sourceTree = "<group>"; };
		BD1AFDA72AE032460078A177 /* Font+CustomFonts.swift */ = {isa = PBXFileReference; lastKnownFileType = sourcecode.swift; path = "Font+CustomFonts.swift"; sourceTree = "<group>"; };
		BD1AFDAA2AE032EF0078A177 /* HomeView.swift */ = {isa = PBXFileReference; lastKnownFileType = sourcecode.swift; path = HomeView.swift; sourceTree = "<group>"; };
/* End PBXFileReference section */

/* Begin PBXFrameworksBuildPhase section */
		BD1AFD842AE02BAB0078A177 /* Frameworks */ = {
			isa = PBXFrameworksBuildPhase;
			buildActionMask = 2147483647;
			files = (
			);
			runOnlyForDeploymentPostprocessing = 0;
		};
/* End PBXFrameworksBuildPhase section */

/* Begin PBXGroup section */
		BD1AFD7E2AE02BAB0078A177 = {
			isa = PBXGroup;
			children = (
				BD1AFD892AE02BAB0078A177 /* JEC-FirstStepToCareer */,
				BD1AFD882AE02BAB0078A177 /* Products */,
			);
			sourceTree = "<group>";
		};
		BD1AFD882AE02BAB0078A177 /* Products */ = {
			isa = PBXGroup;
			children = (
				BD1AFD872AE02BAB0078A177 /* JEC-FirstStepToCareer.app */,
			);
			name = Products;
			sourceTree = "<group>";
		};
		BD1AFD892AE02BAB0078A177 /* JEC-FirstStepToCareer */ = {
			isa = PBXGroup;
			children = (
				BD1AFDA42AE031A20078A177 /* Info.plist */,
				BD1AFDA52AE031F10078A177 /* App */,
				BD1AFDA92AE032DF0078A177 /* View */,
				BD1AFDA62AE031FF0078A177 /* Extensions */,
				BD1AFD992AE0316C0078A177 /* Resource */,
				BD1AFD902AE02BAB0078A177 /* Preview Content */,
			);
			path = "JEC-FirstStepToCareer";
			sourceTree = "<group>";
		};
		BD1AFD902AE02BAB0078A177 /* Preview Content */ = {
			isa = PBXGroup;
			children = (
				BD1AFD912AE02BAB0078A177 /* Preview Assets.xcassets */,
			);
			path = "Preview Content";
			sourceTree = "<group>";
		};
		BD1AFD982AE031660078A177 /* Fonts */ = {
			isa = PBXGroup;
			children = (
				BD1AFD9E2AE0318E0078A177 /* NotoSansJP-Black.ttf */,
				BD1AFD9C2AE0318E0078A177 /* NotoSansJP-Bold.ttf */,
				BD1AFD9B2AE0318E0078A177 /* NotoSansJP-Medium.ttf */,
				BD1AFD9D2AE0318E0078A177 /* NotoSansJP-Regular.ttf */,
				BD1AFD9A2AE0318E0078A177 /* NotoSansJP-SemiBold.ttf */,
			);
			path = Fonts;
			sourceTree = "<group>";
		};
		BD1AFD992AE0316C0078A177 /* Resource */ = {
			isa = PBXGroup;
			children = (
				BD1AFD8E2AE02BAB0078A177 /* Assets.xcassets */,
				BD1AFD982AE031660078A177 /* Fonts */,
			);
			path = Resource;
			sourceTree = "<group>";
		};
		BD1AFDA52AE031F10078A177 /* App */ = {
			isa = PBXGroup;
			children = (
				BD1AFD8A2AE02BAB0078A177 /* JEC_FirstStepToCareerApp.swift */,
			);
			path = App;
			sourceTree = "<group>";
		};
		BD1AFDA62AE031FF0078A177 /* Extensions */ = {
			isa = PBXGroup;
			children = (
				BD1AFDA72AE032460078A177 /* Font+CustomFonts.swift */,
			);
			path = Extensions;
			sourceTree = "<group>";
		};
		BD1AFDA92AE032DF0078A177 /* View */ = {
			isa = PBXGroup;
			children = (
				BD1AFDAA2AE032EF0078A177 /* HomeView.swift */,
			);
			path = View;
			sourceTree = "<group>";
		};
/* End PBXGroup section */

/* Begin PBXNativeTarget section */
		BD1AFD862AE02BAB0078A177 /* JEC-FirstStepToCareer */ = {
			isa = PBXNativeTarget;
			buildConfigurationList = BD1AFD952AE02BAB0078A177 /* Build configuration list for PBXNativeTarget "JEC-FirstStepToCareer" */;
			buildPhases = (
				BD1AFD832AE02BAB0078A177 /* Sources */,
				BD1AFD842AE02BAB0078A177 /* Frameworks */,
				BD1AFD852AE02BAB0078A177 /* Resources */,
			);
			buildRules = (
			);
			dependencies = (
			);
			name = "JEC-FirstStepToCareer";
			productName = "JEC-FirstStepToCareer";
			productReference = BD1AFD872AE02BAB0078A177 /* JEC-FirstStepToCareer.app */;
			productType = "com.apple.product-type.application";
		};
/* End PBXNativeTarget section */

/* Begin PBXProject section */
		BD1AFD7F2AE02BAB0078A177 /* Project object */ = {
			isa = PBXProject;
			attributes = {
				BuildIndependentTargetsInParallel = 1;
				LastSwiftUpdateCheck = 1500;
				LastUpgradeCheck = 1500;
				TargetAttributes = {
					BD1AFD862AE02BAB0078A177 = {
						CreatedOnToolsVersion = 15.0;
					};
				};
			};
			buildConfigurationList = BD1AFD822AE02BAB0078A177 /* Build configuration list for PBXProject "JEC-FirstStepToCareer" */;
			compatibilityVersion = "Xcode 14.0";
			developmentRegion = en;
			hasScannedForEncodings = 0;
			knownRegions = (
				en,
				Base,
			);
			mainGroup = BD1AFD7E2AE02BAB0078A177;
			productRefGroup = BD1AFD882AE02BAB0078A177 /* Products */;
			projectDirPath = "";
			projectRoot = "";
			targets = (
				BD1AFD862AE02BAB0078A177 /* JEC-FirstStepToCareer */,
			);
		};
/* End PBXProject section */

/* Begin PBXResourcesBuildPhase section */
		BD1AFD852AE02BAB0078A177 /* Resources */ = {
			isa = PBXResourcesBuildPhase;
			buildActionMask = 2147483647;
			files = (
				BD1AFDA22AE0318E0078A177 /* NotoSansJP-Regular.ttf in Resources */,
				BD1AFDA32AE0318E0078A177 /* NotoSansJP-Black.ttf in Resources */,
				BD1AFD922AE02BAB0078A177 /* Preview Assets.xcassets in Resources */,
				BD1AFD8F2AE02BAB0078A177 /* Assets.xcassets in Resources */,
				BD1AFDA12AE0318E0078A177 /* NotoSansJP-Bold.ttf in Resources */,
				BD1AFDA02AE0318E0078A177 /* NotoSansJP-Medium.ttf in Resources */,
				BD1AFD9F2AE0318E0078A177 /* NotoSansJP-SemiBold.ttf in Resources */,
			);
			runOnlyForDeploymentPostprocessing = 0;
		};
/* End PBXResourcesBuildPhase section */

/* Begin PBXSourcesBuildPhase section */
		BD1AFD832AE02BAB0078A177 /* Sources */ = {
			isa = PBXSourcesBuildPhase;
			buildActionMask = 2147483647;
			files = (
				BD1AFDAB2AE032EF0078A177 /* HomeView.swift in Sources */,
				BD1AFD8B2AE02BAB0078A177 /* JEC_FirstStepToCareerApp.swift in Sources */,
				BD1AFDA82AE032460078A177 /* Font+CustomFonts.swift in Sources */,
			);
			runOnlyForDeploymentPostprocessing = 0;
		};
/* End PBXSourcesBuildPhase section */

/* Begin XCBuildConfiguration section */
		BD1AFD932AE02BAB0078A177 /* Debug */ = {
			isa = XCBuildConfiguration;
			buildSettings = {
				ALWAYS_SEARCH_USER_PATHS = NO;
				ASSETCATALOG_COMPILER_GENERATE_SWIFT_ASSET_SYMBOL_EXTENSIONS = YES;
				CLANG_ANALYZER_NONNULL = YES;
				CLANG_ANALYZER_NUMBER_OBJECT_CONVERSION = YES_AGGRESSIVE;
				CLANG_CXX_LANGUAGE_STANDARD = "gnu++20";
				CLANG_ENABLE_MODULES = YES;
				CLANG_ENABLE_OBJC_ARC = YES;
				CLANG_ENABLE_OBJC_WEAK = YES;
				CLANG_WARN_BLOCK_CAPTURE_AUTORELEASING = YES;
				CLANG_WARN_BOOL_CONVERSION = YES;
				CLANG_WARN_COMMA = YES;
				CLANG_WARN_CONSTANT_CONVERSION = YES;
				CLANG_WARN_DEPRECATED_OBJC_IMPLEMENTATIONS = YES;
				CLANG_WARN_DIRECT_OBJC_ISA_USAGE = YES_ERROR;
				CLANG_WARN_DOCUMENTATION_COMMENTS = YES;
				CLANG_WARN_EMPTY_BODY = YES;
				CLANG_WARN_ENUM_CONVERSION = YES;
				CLANG_WARN_INFINITE_RECURSION = YES;
				CLANG_WARN_INT_CONVERSION = YES;
				CLANG_WARN_NON_LITERAL_NULL_CONVERSION = YES;
				CLANG_WARN_OBJC_IMPLICIT_RETAIN_SELF = YES;
				CLANG_WARN_OBJC_LITERAL_CONVERSION = YES;
				CLANG_WARN_OBJC_ROOT_CLASS = YES_ERROR;
				CLANG_WARN_QUOTED_INCLUDE_IN_FRAMEWORK_HEADER = YES;
				CLANG_WARN_RANGE_LOOP_ANALYSIS = YES;
				CLANG_WARN_STRICT_PROTOTYPES = YES;
				CLANG_WARN_SUSPICIOUS_MOVE = YES;
				CLANG_WARN_UNGUARDED_AVAILABILITY = YES_AGGRESSIVE;
				CLANG_WARN_UNREACHABLE_CODE = YES;
				CLANG_WARN__DUPLICATE_METHOD_MATCH = YES;
				COPY_PHASE_STRIP = NO;
				DEBUG_INFORMATION_FORMAT = dwarf;
				ENABLE_STRICT_OBJC_MSGSEND = YES;
				ENABLE_TESTABILITY = YES;
				ENABLE_USER_SCRIPT_SANDBOXING = YES;
				GCC_C_LANGUAGE_STANDARD = gnu17;
				GCC_DYNAMIC_NO_PIC = NO;
				GCC_NO_COMMON_BLOCKS = YES;
				GCC_OPTIMIZATION_LEVEL = 0;
				GCC_PREPROCESSOR_DEFINITIONS = (
					"DEBUG=1",
					"$(inherited)",
				);
				GCC_WARN_64_TO_32_BIT_CONVERSION = YES;
				GCC_WARN_ABOUT_RETURN_TYPE = YES_ERROR;
				GCC_WARN_UNDECLARED_SELECTOR = YES;
				GCC_WARN_UNINITIALIZED_AUTOS = YES_AGGRESSIVE;
				GCC_WARN_UNUSED_FUNCTION = YES;
				GCC_WARN_UNUSED_VARIABLE = YES;
				IPHONEOS_DEPLOYMENT_TARGET = 16.0;
				LOCALIZATION_PREFERS_STRING_CATALOGS = YES;
				MTL_ENABLE_DEBUG_INFO = INCLUDE_SOURCE;
				MTL_FAST_MATH = YES;
				ONLY_ACTIVE_ARCH = YES;
				SDKROOT = iphoneos;
				SWIFT_ACTIVE_COMPILATION_CONDITIONS = "DEBUG $(inherited)";
				SWIFT_OPTIMIZATION_LEVEL = "-Onone";
			};
			name = Debug;
		};
		BD1AFD942AE02BAB0078A177 /* Release */ = {
			isa = XCBuildConfiguration;
			buildSettings = {
				ALWAYS_SEARCH_USER_PATHS = NO;
				ASSETCATALOG_COMPILER_GENERATE_SWIFT_ASSET_SYMBOL_EXTENSIONS = YES;
				CLANG_ANALYZER_NONNULL = YES;
				CLANG_ANALYZER_NUMBER_OBJECT_CONVERSION = YES_AGGRESSIVE;
				CLANG_CXX_LANGUAGE_STANDARD = "gnu++20";
				CLANG_ENABLE_MODULES = YES;
				CLANG_ENABLE_OBJC_ARC = YES;
				CLANG_ENABLE_OBJC_WEAK = YES;
				CLANG_WARN_BLOCK_CAPTURE_AUTORELEASING = YES;
				CLANG_WARN_BOOL_CONVERSION = YES;
				CLANG_WARN_COMMA = YES;
				CLANG_WARN_CONSTANT_CONVERSION = YES;
				CLANG_WARN_DEPRECATED_OBJC_IMPLEMENTATIONS = YES;
				CLANG_WARN_DIRECT_OBJC_ISA_USAGE = YES_ERROR;
				CLANG_WARN_DOCUMENTATION_COMMENTS = YES;
				CLANG_WARN_EMPTY_BODY = YES;
				CLANG_WARN_ENUM_CONVERSION = YES;
				CLANG_WARN_INFINITE_RECURSION = YES;
				CLANG_WARN_INT_CONVERSION = YES;
				CLANG_WARN_NON_LITERAL_NULL_CONVERSION = YES;
				CLANG_WARN_OBJC_IMPLICIT_RETAIN_SELF = YES;
				CLANG_WARN_OBJC_LITERAL_CONVERSION = YES;
				CLANG_WARN_OBJC_ROOT_CLASS = YES_ERROR;
				CLANG_WARN_QUOTED_INCLUDE_IN_FRAMEWORK_HEADER = YES;
				CLANG_WARN_RANGE_LOOP_ANALYSIS = YES;
				CLANG_WARN_STRICT_PROTOTYPES = YES;
				CLANG_WARN_SUSPICIOUS_MOVE = YES;
				CLANG_WARN_UNGUARDED_AVAILABILITY = YES_AGGRESSIVE;
				CLANG_WARN_UNREACHABLE_CODE = YES;
				CLANG_WARN__DUPLICATE_METHOD_MATCH = YES;
				COPY_PHASE_STRIP = NO;
				DEBUG_INFORMATION_FORMAT = "dwarf-with-dsym";
				ENABLE_NS_ASSERTIONS = NO;
				ENABLE_STRICT_OBJC_MSGSEND = YES;
				ENABLE_USER_SCRIPT_SANDBOXING = YES;
				GCC_C_LANGUAGE_STANDARD = gnu17;
				GCC_NO_COMMON_BLOCKS = YES;
				GCC_WARN_64_TO_32_BIT_CONVERSION = YES;
				GCC_WARN_ABOUT_RETURN_TYPE = YES_ERROR;
				GCC_WARN_UNDECLARED_SELECTOR = YES;
				GCC_WARN_UNINITIALIZED_AUTOS = YES_AGGRESSIVE;
				GCC_WARN_UNUSED_FUNCTION = YES;
				GCC_WARN_UNUSED_VARIABLE = YES;
				IPHONEOS_DEPLOYMENT_TARGET = 16.0;
				LOCALIZATION_PREFERS_STRING_CATALOGS = YES;
				MTL_ENABLE_DEBUG_INFO = NO;
				MTL_FAST_MATH = YES;
				SDKROOT = iphoneos;
				SWIFT_COMPILATION_MODE = wholemodule;
				VALIDATE_PRODUCT = YES;
			};
			name = Release;
		};
		BD1AFD962AE02BAB0078A177 /* Debug */ = {
			isa = XCBuildConfiguration;
			buildSettings = {
				ASSETCATALOG_COMPILER_APPICON_NAME = AppIcon;
				ASSETCATALOG_COMPILER_GLOBAL_ACCENT_COLOR_NAME = AccentColor;
				CODE_SIGN_STYLE = Automatic;
				CURRENT_PROJECT_VERSION = 1;
				DEVELOPMENT_ASSET_PATHS = "\"JEC-FirstStepToCareer/Preview Content\"";
				DEVELOPMENT_TEAM = SHUGXU55KP;
				ENABLE_PREVIEWS = YES;
				GENERATE_INFOPLIST_FILE = YES;
				INFOPLIST_FILE = "JEC-FirstStepToCareer/Info.plist";
				INFOPLIST_KEY_CFBundleDisplayName = "就活一歩";
				INFOPLIST_KEY_UIApplicationSceneManifest_Generation = YES;
				INFOPLIST_KEY_UIApplicationSupportsIndirectInputEvents = YES;
				INFOPLIST_KEY_UILaunchScreen_Generation = YES;
				INFOPLIST_KEY_UISupportedInterfaceOrientations_iPad = "UIInterfaceOrientationPortrait UIInterfaceOrientationPortraitUpsideDown UIInterfaceOrientationLandscapeLeft UIInterfaceOrientationLandscapeRight";
				INFOPLIST_KEY_UISupportedInterfaceOrientations_iPhone = "UIInterfaceOrientationPortrait UIInterfaceOrientationLandscapeLeft UIInterfaceOrientationLandscapeRight";
				IPHONEOS_DEPLOYMENT_TARGET = 16.0;
				LD_RUNPATH_SEARCH_PATHS = (
					"$(inherited)",
					"@executable_path/Frameworks",
				);
				MARKETING_VERSION = 1.0;
				PRODUCT_BUNDLE_IDENTIFIER = "com.znak99.JEC-FirstStepToCareer";
				PRODUCT_NAME = "$(TARGET_NAME)";
				SWIFT_EMIT_LOC_STRINGS = YES;
				SWIFT_VERSION = 5.0;
				TARGETED_DEVICE_FAMILY = "1,2";
			};
			name = Debug;
		};
		BD1AFD972AE02BAB0078A177 /* Release */ = {
			isa = XCBuildConfiguration;
			buildSettings = {
				ASSETCATALOG_COMPILER_APPICON_NAME = AppIcon;
				ASSETCATALOG_COMPILER_GLOBAL_ACCENT_COLOR_NAME = AccentColor;
				CODE_SIGN_STYLE = Automatic;
				CURRENT_PROJECT_VERSION = 1;
				DEVELOPMENT_ASSET_PATHS = "\"JEC-FirstStepToCareer/Preview Content\"";
				DEVELOPMENT_TEAM = SHUGXU55KP;
				ENABLE_PREVIEWS = YES;
				GENERATE_INFOPLIST_FILE = YES;
				INFOPLIST_FILE = "JEC-FirstStepToCareer/Info.plist";
				INFOPLIST_KEY_CFBundleDisplayName = "就活一歩";
				INFOPLIST_KEY_UIApplicationSceneManifest_Generation = YES;
				INFOPLIST_KEY_UIApplicationSupportsIndirectInputEvents = YES;
				INFOPLIST_KEY_UILaunchScreen_Generation = YES;
				INFOPLIST_KEY_UISupportedInterfaceOrientations_iPad = "UIInterfaceOrientationPortrait UIInterfaceOrientationPortraitUpsideDown UIInterfaceOrientationLandscapeLeft UIInterfaceOrientationLandscapeRight";
				INFOPLIST_KEY_UISupportedInterfaceOrientations_iPhone = "UIInterfaceOrientationPortrait UIInterfaceOrientationLandscapeLeft UIInterfaceOrientationLandscapeRight";
				IPHONEOS_DEPLOYMENT_TARGET = 16.0;
				LD_RUNPATH_SEARCH_PATHS = (
					"$(inherited)",
					"@executable_path/Frameworks",
				);
				MARKETING_VERSION = 1.0;
				PRODUCT_BUNDLE_IDENTIFIER = "com.znak99.JEC-FirstStepToCareer";
				PRODUCT_NAME = "$(TARGET_NAME)";
				SWIFT_EMIT_LOC_STRINGS = YES;
				SWIFT_VERSION = 5.0;
				TARGETED_DEVICE_FAMILY = "1,2";
			};
			name = Release;
		};
/* End XCBuildConfiguration section */

/* Begin XCConfigurationList section */
		BD1AFD822AE02BAB0078A177 /* Build configuration list for PBXProject "JEC-FirstStepToCareer" */ = {
			isa = XCConfigurationList;
			buildConfigurations = (
				BD1AFD932AE02BAB0078A177 /* Debug */,
				BD1AFD942AE02BAB0078A177 /* Release */,
			);
			defaultConfigurationIsVisible = 0;
			defaultConfigurationName = Release;
		};
		BD1AFD952AE02BAB0078A177 /* Build configuration list for PBXNativeTarget "JEC-FirstStepToCareer" */ = {
			isa = XCConfigurationList;
			buildConfigurations = (
				BD1AFD962AE02BAB0078A177 /* Debug */,
				BD1AFD972AE02BAB0078A177 /* Release */,
			);
			defaultConfigurationIsVisible = 0;
			defaultConfigurationName = Release;
		};
/* End XCConfigurationList section */
	};
	rootObject = BD1AFD7F2AE02BAB0078A177 /* Project object */;
}
