// !$*UTF8*$!
{
	archiveVersion = 1;
	classes = {
	};
	objectVersion = 56;
	objects = {

/* Begin PBXBuildFile section */
		BD1C53AD2B7A71A2000A1156 /* JEC_SyuukatsuippoApp.swift in Sources */ = {isa = PBXBuildFile; fileRef = BD1C53AC2B7A71A2000A1156 /* JEC_SyuukatsuippoApp.swift */; };
		BD1C53B12B7A71A3000A1156 /* Assets.xcassets in Resources */ = {isa = PBXBuildFile; fileRef = BD1C53B02B7A71A3000A1156 /* Assets.xcassets */; };
		BD1C53B42B7A71A3000A1156 /* Preview Assets.xcassets in Resources */ = {isa = PBXBuildFile; fileRef = BD1C53B32B7A71A3000A1156 /* Preview Assets.xcassets */; };
		BD1C53BE2B7A724F000A1156 /* HomeView.swift in Sources */ = {isa = PBXBuildFile; fileRef = BD1C53BD2B7A724F000A1156 /* HomeView.swift */; };
		BD1C53CB2B7A742A000A1156 /* Font+CustomFonts.swift in Sources */ = {isa = PBXBuildFile; fileRef = BD1C53CA2B7A742A000A1156 /* Font+CustomFonts.swift */; };
		BD1C53D12B7A74F1000A1156 /* NotoSansJP-Medium.ttf in Resources */ = {isa = PBXBuildFile; fileRef = BD1C53CC2B7A74F1000A1156 /* NotoSansJP-Medium.ttf */; };
		BD1C53D22B7A74F1000A1156 /* NotoSansJP-Regular.ttf in Resources */ = {isa = PBXBuildFile; fileRef = BD1C53CD2B7A74F1000A1156 /* NotoSansJP-Regular.ttf */; };
		BD1C53D32B7A74F1000A1156 /* NotoSansJP-Bold.ttf in Resources */ = {isa = PBXBuildFile; fileRef = BD1C53CE2B7A74F1000A1156 /* NotoSansJP-Bold.ttf */; };
		BD1C53D42B7A74F1000A1156 /* NotoSansJP-Black.ttf in Resources */ = {isa = PBXBuildFile; fileRef = BD1C53CF2B7A74F1000A1156 /* NotoSansJP-Black.ttf */; };
		BD1C53D52B7A74F1000A1156 /* NotoSansJP-SemiBold.ttf in Resources */ = {isa = PBXBuildFile; fileRef = BD1C53D02B7A74F1000A1156 /* NotoSansJP-SemiBold.ttf */; };
		BD1C53D82B7A754B000A1156 /* Realm in Frameworks */ = {isa = PBXBuildFile; productRef = BD1C53D72B7A754B000A1156 /* Realm */; };
		BD1C53DA2B7A754B000A1156 /* RealmSwift in Frameworks */ = {isa = PBXBuildFile; productRef = BD1C53D92B7A754B000A1156 /* RealmSwift */; };
		BD1C53DE2B7A75C5000A1156 /* InterviewOptions.swift in Sources */ = {isa = PBXBuildFile; fileRef = BD1C53DD2B7A75C5000A1156 /* InterviewOptions.swift */; };
		BD1C53E02B7A75E9000A1156 /* InterviewOptionsDAO.swift in Sources */ = {isa = PBXBuildFile; fileRef = BD1C53DF2B7A75E9000A1156 /* InterviewOptionsDAO.swift */; };
		BD1C53E22B7A779D000A1156 /* MockInterview.swift in Sources */ = {isa = PBXBuildFile; fileRef = BD1C53E12B7A779D000A1156 /* MockInterview.swift */; };
		BD1C53E42B7A77D3000A1156 /* MockInterviewDAO.swift in Sources */ = {isa = PBXBuildFile; fileRef = BD1C53E32B7A77D3000A1156 /* MockInterviewDAO.swift */; };
		BD1C53E62B7A7A7D000A1156 /* InterviewInfoTemp.swift in Sources */ = {isa = PBXBuildFile; fileRef = BD1C53E52B7A7A7D000A1156 /* InterviewInfoTemp.swift */; };
		BD1C53E92B7A7E7E000A1156 /* InterviewType.swift in Sources */ = {isa = PBXBuildFile; fileRef = BD1C53E82B7A7E7E000A1156 /* InterviewType.swift */; };
		BD1C53EB2B7A7E97000A1156 /* CompanyType.swift in Sources */ = {isa = PBXBuildFile; fileRef = BD1C53EA2B7A7E97000A1156 /* CompanyType.swift */; };
		BD1C53ED2B7A7EAB000A1156 /* CareerType.swift in Sources */ = {isa = PBXBuildFile; fileRef = BD1C53EC2B7A7EAB000A1156 /* CareerType.swift */; };
		BD1C53F22B7A7EF2000A1156 /* HomePage.swift in Sources */ = {isa = PBXBuildFile; fileRef = BD1C53F12B7A7EF2000A1156 /* HomePage.swift */; };
		BD1C53F52B7A7F89000A1156 /* GraphData.swift in Sources */ = {isa = PBXBuildFile; fileRef = BD1C53F42B7A7F89000A1156 /* GraphData.swift */; };
		BD1C53F72B7A7FEF000A1156 /* SplashView.swift in Sources */ = {isa = PBXBuildFile; fileRef = BD1C53F62B7A7FEF000A1156 /* SplashView.swift */; };
		BD1C53F92B7A80AA000A1156 /* LoadingIndicator.swift in Sources */ = {isa = PBXBuildFile; fileRef = BD1C53F82B7A80AA000A1156 /* LoadingIndicator.swift */; };
		BD1C53FB2B7A80EC000A1156 /* HomeManager.swift in Sources */ = {isa = PBXBuildFile; fileRef = BD1C53FA2B7A80EC000A1156 /* HomeManager.swift */; };
		BD1C53FF2B7A831D000A1156 /* InterviewView.swift in Sources */ = {isa = PBXBuildFile; fileRef = BD1C53FE2B7A831D000A1156 /* InterviewView.swift */; };
		BD1C54012B7A833B000A1156 /* InterviewResultView.swift in Sources */ = {isa = PBXBuildFile; fileRef = BD1C54002B7A833B000A1156 /* InterviewResultView.swift */; };
		BD1C54032B7A8348000A1156 /* InterviewDetailView.swift in Sources */ = {isa = PBXBuildFile; fileRef = BD1C54022B7A8348000A1156 /* InterviewDetailView.swift */; };
		BD1C54052B7A86D9000A1156 /* HistoryPageView.swift in Sources */ = {isa = PBXBuildFile; fileRef = BD1C54042B7A86D9000A1156 /* HistoryPageView.swift */; };
		BD1C54072B7A86E9000A1156 /* InterviewPageView.swift in Sources */ = {isa = PBXBuildFile; fileRef = BD1C54062B7A86E9000A1156 /* InterviewPageView.swift */; };
		BD1C54092B7A86F7000A1156 /* AnalyzePageView.swift in Sources */ = {isa = PBXBuildFile; fileRef = BD1C54082B7A86F7000A1156 /* AnalyzePageView.swift */; };
		BD1C540B2B7A879B000A1156 /* SettingsView.swift in Sources */ = {isa = PBXBuildFile; fileRef = BD1C540A2B7A879B000A1156 /* SettingsView.swift */; };
		BD1C540D2B7AAE28000A1156 /* CompanyTypeSelectorView.swift in Sources */ = {isa = PBXBuildFile; fileRef = BD1C540C2B7AAE28000A1156 /* CompanyTypeSelectorView.swift */; };
		BD1C540F2B7AAE39000A1156 /* CareerTypeSelectorView.swift in Sources */ = {isa = PBXBuildFile; fileRef = BD1C540E2B7AAE39000A1156 /* CareerTypeSelectorView.swift */; };
		BD1C54162B7AC376000A1156 /* CameraService.swift in Sources */ = {isa = PBXBuildFile; fileRef = BD1C54152B7AC376000A1156 /* CameraService.swift */; };
		BD1C54182B7AC382000A1156 /* CameraPreview.swift in Sources */ = {isa = PBXBuildFile; fileRef = BD1C54172B7AC382000A1156 /* CameraPreview.swift */; };
		BD1C541A2B7AC3A8000A1156 /* CameraRepresent.swift in Sources */ = {isa = PBXBuildFile; fileRef = BD1C54192B7AC3A8000A1156 /* CameraRepresent.swift */; };
		BD1C541C2B7ACECC000A1156 /* InterviewManager.swift in Sources */ = {isa = PBXBuildFile; fileRef = BD1C541B2B7ACECC000A1156 /* InterviewManager.swift */; };
		BD339A462B7D97C200C81EED /* SettingsManager.swift in Sources */ = {isa = PBXBuildFile; fileRef = BD339A452B7D97C200C81EED /* SettingsManager.swift */; };
		BD3B9EF12B7AE31E0043B1BB /* InterviewCaution.swift in Sources */ = {isa = PBXBuildFile; fileRef = BD3B9EF02B7AE31E0043B1BB /* InterviewCaution.swift */; };
		BD3B9EF32B7AE9940043B1BB /* InterviewBackground.swift in Sources */ = {isa = PBXBuildFile; fileRef = BD3B9EF22B7AE9940043B1BB /* InterviewBackground.swift */; };
		BD3B9EF52B7AEA380043B1BB /* InterviewHeaderAndFrame.swift in Sources */ = {isa = PBXBuildFile; fileRef = BD3B9EF42B7AEA380043B1BB /* InterviewHeaderAndFrame.swift */; };
		BDE05F942B7BF023002D5DDC /* GPTInfo.swift in Sources */ = {isa = PBXBuildFile; fileRef = BDE05F932B7BF023002D5DDC /* GPTInfo.swift */; };
		BDE05F962B7BF461002D5DDC /* GPTRequest.swift in Sources */ = {isa = PBXBuildFile; fileRef = BDE05F952B7BF461002D5DDC /* GPTRequest.swift */; };
		BDE05F982B7BF7A0002D5DDC /* GPTResponse.swift in Sources */ = {isa = PBXBuildFile; fileRef = BDE05F972B7BF7A0002D5DDC /* GPTResponse.swift */; };
		BDE05F9B2B7BF80C002D5DDC /* GPTMessage.swift in Sources */ = {isa = PBXBuildFile; fileRef = BDE05F9A2B7BF80C002D5DDC /* GPTMessage.swift */; };
		BDE05F9E2B7C0EC7002D5DDC /* STTService.swift in Sources */ = {isa = PBXBuildFile; fileRef = BDE05F9D2B7C0EC7002D5DDC /* STTService.swift */; };
		BDE05FA12B7CDE28002D5DDC /* InterviewViewSwitcherView.swift in Sources */ = {isa = PBXBuildFile; fileRef = BDE05FA02B7CDE28002D5DDC /* InterviewViewSwitcherView.swift */; };
/* End PBXBuildFile section */

/* Begin PBXFileReference section */
		BD1C53A92B7A71A2000A1156 /* JEC-Syuukatsuippo.app */ = {isa = PBXFileReference; explicitFileType = wrapper.application; includeInIndex = 0; path = "JEC-Syuukatsuippo.app"; sourceTree = BUILT_PRODUCTS_DIR; };
		BD1C53AC2B7A71A2000A1156 /* JEC_SyuukatsuippoApp.swift */ = {isa = PBXFileReference; lastKnownFileType = sourcecode.swift; path = JEC_SyuukatsuippoApp.swift; sourceTree = "<group>"; };
		BD1C53B02B7A71A3000A1156 /* Assets.xcassets */ = {isa = PBXFileReference; lastKnownFileType = folder.assetcatalog; path = Assets.xcassets; sourceTree = "<group>"; };
		BD1C53B32B7A71A3000A1156 /* Preview Assets.xcassets */ = {isa = PBXFileReference; lastKnownFileType = folder.assetcatalog; path = "Preview Assets.xcassets"; sourceTree = "<group>"; };
		BD1C53BD2B7A724F000A1156 /* HomeView.swift */ = {isa = PBXFileReference; lastKnownFileType = sourcecode.swift; path = HomeView.swift; sourceTree = "<group>"; };
		BD1C53C92B7A73A0000A1156 /* Info.plist */ = {isa = PBXFileReference; lastKnownFileType = text.plist; path = Info.plist; sourceTree = "<group>"; };
		BD1C53CA2B7A742A000A1156 /* Font+CustomFonts.swift */ = {isa = PBXFileReference; lastKnownFileType = sourcecode.swift; path = "Font+CustomFonts.swift"; sourceTree = "<group>"; };
		BD1C53CC2B7A74F1000A1156 /* NotoSansJP-Medium.ttf */ = {isa = PBXFileReference; lastKnownFileType = file; path = "NotoSansJP-Medium.ttf"; sourceTree = "<group>"; };
		BD1C53CD2B7A74F1000A1156 /* NotoSansJP-Regular.ttf */ = {isa = PBXFileReference; lastKnownFileType = file; path = "NotoSansJP-Regular.ttf"; sourceTree = "<group>"; };
		BD1C53CE2B7A74F1000A1156 /* NotoSansJP-Bold.ttf */ = {isa = PBXFileReference; lastKnownFileType = file; path = "NotoSansJP-Bold.ttf"; sourceTree = "<group>"; };
		BD1C53CF2B7A74F1000A1156 /* NotoSansJP-Black.ttf */ = {isa = PBXFileReference; lastKnownFileType = file; path = "NotoSansJP-Black.ttf"; sourceTree = "<group>"; };
		BD1C53D02B7A74F1000A1156 /* NotoSansJP-SemiBold.ttf */ = {isa = PBXFileReference; lastKnownFileType = file; path = "NotoSansJP-SemiBold.ttf"; sourceTree = "<group>"; };
		BD1C53DD2B7A75C5000A1156 /* InterviewOptions.swift */ = {isa = PBXFileReference; lastKnownFileType = sourcecode.swift; path = InterviewOptions.swift; sourceTree = "<group>"; };
		BD1C53DF2B7A75E9000A1156 /* InterviewOptionsDAO.swift */ = {isa = PBXFileReference; lastKnownFileType = sourcecode.swift; path = InterviewOptionsDAO.swift; sourceTree = "<group>"; };
		BD1C53E12B7A779D000A1156 /* MockInterview.swift */ = {isa = PBXFileReference; lastKnownFileType = sourcecode.swift; path = MockInterview.swift; sourceTree = "<group>"; };
		BD1C53E32B7A77D3000A1156 /* MockInterviewDAO.swift */ = {isa = PBXFileReference; lastKnownFileType = sourcecode.swift; path = MockInterviewDAO.swift; sourceTree = "<group>"; };
		BD1C53E52B7A7A7D000A1156 /* InterviewInfoTemp.swift */ = {isa = PBXFileReference; lastKnownFileType = sourcecode.swift; path = InterviewInfoTemp.swift; sourceTree = "<group>"; };
		BD1C53E82B7A7E7E000A1156 /* InterviewType.swift */ = {isa = PBXFileReference; lastKnownFileType = sourcecode.swift; path = InterviewType.swift; sourceTree = "<group>"; };
		BD1C53EA2B7A7E97000A1156 /* CompanyType.swift */ = {isa = PBXFileReference; lastKnownFileType = sourcecode.swift; path = CompanyType.swift; sourceTree = "<group>"; };
		BD1C53EC2B7A7EAB000A1156 /* CareerType.swift */ = {isa = PBXFileReference; lastKnownFileType = sourcecode.swift; path = CareerType.swift; sourceTree = "<group>"; };
		BD1C53F12B7A7EF2000A1156 /* HomePage.swift */ = {isa = PBXFileReference; lastKnownFileType = sourcecode.swift; path = HomePage.swift; sourceTree = "<group>"; };
		BD1C53F42B7A7F89000A1156 /* GraphData.swift */ = {isa = PBXFileReference; lastKnownFileType = sourcecode.swift; path = GraphData.swift; sourceTree = "<group>"; };
		BD1C53F62B7A7FEF000A1156 /* SplashView.swift */ = {isa = PBXFileReference; lastKnownFileType = sourcecode.swift; path = SplashView.swift; sourceTree = "<group>"; };
		BD1C53F82B7A80AA000A1156 /* LoadingIndicator.swift */ = {isa = PBXFileReference; lastKnownFileType = sourcecode.swift; path = LoadingIndicator.swift; sourceTree = "<group>"; };
		BD1C53FA2B7A80EC000A1156 /* HomeManager.swift */ = {isa = PBXFileReference; lastKnownFileType = sourcecode.swift; path = HomeManager.swift; sourceTree = "<group>"; };
		BD1C53FE2B7A831D000A1156 /* InterviewView.swift */ = {isa = PBXFileReference; lastKnownFileType = sourcecode.swift; path = InterviewView.swift; sourceTree = "<group>"; };
		BD1C54002B7A833B000A1156 /* InterviewResultView.swift */ = {isa = PBXFileReference; lastKnownFileType = sourcecode.swift; path = InterviewResultView.swift; sourceTree = "<group>"; };
		BD1C54022B7A8348000A1156 /* InterviewDetailView.swift */ = {isa = PBXFileReference; lastKnownFileType = sourcecode.swift; path = InterviewDetailView.swift; sourceTree = "<group>"; };
		BD1C54042B7A86D9000A1156 /* HistoryPageView.swift */ = {isa = PBXFileReference; lastKnownFileType = sourcecode.swift; path = HistoryPageView.swift; sourceTree = "<group>"; };
		BD1C54062B7A86E9000A1156 /* InterviewPageView.swift */ = {isa = PBXFileReference; lastKnownFileType = sourcecode.swift; path = InterviewPageView.swift; sourceTree = "<group>"; };
		BD1C54082B7A86F7000A1156 /* AnalyzePageView.swift */ = {isa = PBXFileReference; lastKnownFileType = sourcecode.swift; path = AnalyzePageView.swift; sourceTree = "<group>"; };
		BD1C540A2B7A879B000A1156 /* SettingsView.swift */ = {isa = PBXFileReference; lastKnownFileType = sourcecode.swift; path = SettingsView.swift; sourceTree = "<group>"; };
		BD1C540C2B7AAE28000A1156 /* CompanyTypeSelectorView.swift */ = {isa = PBXFileReference; lastKnownFileType = sourcecode.swift; path = CompanyTypeSelectorView.swift; sourceTree = "<group>"; };
		BD1C540E2B7AAE39000A1156 /* CareerTypeSelectorView.swift */ = {isa = PBXFileReference; lastKnownFileType = sourcecode.swift; path = CareerTypeSelectorView.swift; sourceTree = "<group>"; };
		BD1C54152B7AC376000A1156 /* CameraService.swift */ = {isa = PBXFileReference; lastKnownFileType = sourcecode.swift; path = CameraService.swift; sourceTree = "<group>"; };
		BD1C54172B7AC382000A1156 /* CameraPreview.swift */ = {isa = PBXFileReference; lastKnownFileType = sourcecode.swift; path = CameraPreview.swift; sourceTree = "<group>"; };
		BD1C54192B7AC3A8000A1156 /* CameraRepresent.swift */ = {isa = PBXFileReference; lastKnownFileType = sourcecode.swift; path = CameraRepresent.swift; sourceTree = "<group>"; };
		BD1C541B2B7ACECC000A1156 /* InterviewManager.swift */ = {isa = PBXFileReference; lastKnownFileType = sourcecode.swift; path = InterviewManager.swift; sourceTree = "<group>"; };
		BD339A452B7D97C200C81EED /* SettingsManager.swift */ = {isa = PBXFileReference; lastKnownFileType = sourcecode.swift; path = SettingsManager.swift; sourceTree = "<group>"; };
		BD3B9EF02B7AE31E0043B1BB /* InterviewCaution.swift */ = {isa = PBXFileReference; lastKnownFileType = sourcecode.swift; path = InterviewCaution.swift; sourceTree = "<group>"; };
		BD3B9EF22B7AE9940043B1BB /* InterviewBackground.swift */ = {isa = PBXFileReference; lastKnownFileType = sourcecode.swift; path = InterviewBackground.swift; sourceTree = "<group>"; };
		BD3B9EF42B7AEA380043B1BB /* InterviewHeaderAndFrame.swift */ = {isa = PBXFileReference; lastKnownFileType = sourcecode.swift; path = InterviewHeaderAndFrame.swift; sourceTree = "<group>"; };
		BDE05F932B7BF023002D5DDC /* GPTInfo.swift */ = {isa = PBXFileReference; lastKnownFileType = sourcecode.swift; path = GPTInfo.swift; sourceTree = "<group>"; };
		BDE05F952B7BF461002D5DDC /* GPTRequest.swift */ = {isa = PBXFileReference; lastKnownFileType = sourcecode.swift; path = GPTRequest.swift; sourceTree = "<group>"; };
		BDE05F972B7BF7A0002D5DDC /* GPTResponse.swift */ = {isa = PBXFileReference; lastKnownFileType = sourcecode.swift; path = GPTResponse.swift; sourceTree = "<group>"; };
		BDE05F9A2B7BF80C002D5DDC /* GPTMessage.swift */ = {isa = PBXFileReference; lastKnownFileType = sourcecode.swift; path = GPTMessage.swift; sourceTree = "<group>"; };
		BDE05F9D2B7C0EC7002D5DDC /* STTService.swift */ = {isa = PBXFileReference; lastKnownFileType = sourcecode.swift; path = STTService.swift; sourceTree = "<group>"; };
		BDE05FA02B7CDE28002D5DDC /* InterviewViewSwitcherView.swift */ = {isa = PBXFileReference; lastKnownFileType = sourcecode.swift; path = InterviewViewSwitcherView.swift; sourceTree = "<group>"; };
/* End PBXFileReference section */

/* Begin PBXFrameworksBuildPhase section */
		BD1C53A62B7A71A2000A1156 /* Frameworks */ = {
			isa = PBXFrameworksBuildPhase;
			buildActionMask = 2147483647;
			files = (
				BD1C53DA2B7A754B000A1156 /* RealmSwift in Frameworks */,
				BD1C53D82B7A754B000A1156 /* Realm in Frameworks */,
			);
			runOnlyForDeploymentPostprocessing = 0;
		};
/* End PBXFrameworksBuildPhase section */

/* Begin PBXGroup section */
		BD1C53A02B7A71A2000A1156 = {
			isa = PBXGroup;
			children = (
				BD1C53AB2B7A71A2000A1156 /* JEC-Syuukatsuippo */,
				BD1C53AA2B7A71A2000A1156 /* Products */,
			);
			sourceTree = "<group>";
		};
		BD1C53AA2B7A71A2000A1156 /* Products */ = {
			isa = PBXGroup;
			children = (
				BD1C53A92B7A71A2000A1156 /* JEC-Syuukatsuippo.app */,
			);
			name = Products;
			sourceTree = "<group>";
		};
		BD1C53AB2B7A71A2000A1156 /* JEC-Syuukatsuippo */ = {
			isa = PBXGroup;
			children = (
				BD1C53C92B7A73A0000A1156 /* Info.plist */,
				BD1C53BA2B7A71C9000A1156 /* App */,
				BD1C53C22B7A72C9000A1156 /* Model */,
				BD1C53BB2B7A71D3000A1156 /* View */,
				BD1C53C32B7A72D1000A1156 /* ViewModel */,
				BD1C53C72B7A730A000A1156 /* HTTPConnection */,
				BD1C53C52B7A72EC000A1156 /* Camera */,
				BDE05F9C2B7C0EAE002D5DDC /* STT */,
				BD1C53C42B7A72E1000A1156 /* Database */,
				BDE05F922B7BEFD5002D5DDC /* OpenAI */,
				BD1C53C62B7A72FB000A1156 /* Extension */,
				BD1C53BC2B7A71E7000A1156 /* Resource */,
				BD1C53B22B7A71A3000A1156 /* Preview Content */,
			);
			path = "JEC-Syuukatsuippo";
			sourceTree = "<group>";
		};
		BD1C53B22B7A71A3000A1156 /* Preview Content */ = {
			isa = PBXGroup;
			children = (
				BD1C53B32B7A71A3000A1156 /* Preview Assets.xcassets */,
			);
			path = "Preview Content";
			sourceTree = "<group>";
		};
		BD1C53BA2B7A71C9000A1156 /* App */ = {
			isa = PBXGroup;
			children = (
				BD1C53AC2B7A71A2000A1156 /* JEC_SyuukatsuippoApp.swift */,
				BD1C53E52B7A7A7D000A1156 /* InterviewInfoTemp.swift */,
			);
			path = App;
			sourceTree = "<group>";
		};
		BD1C53BB2B7A71D3000A1156 /* View */ = {
			isa = PBXGroup;
			children = (
				BDE05F9F2B7CDDE1002D5DDC /* Switcher */,
				BD1C53BF2B7A7256000A1156 /* Core */,
				BD1C53C02B7A725C000A1156 /* Sub */,
				BD1C53C12B7A7262000A1156 /* Component */,
			);
			path = View;
			sourceTree = "<group>";
		};
		BD1C53BC2B7A71E7000A1156 /* Resource */ = {
			isa = PBXGroup;
			children = (
				BD1C53C82B7A7327000A1156 /* Fonts */,
				BD1C53B02B7A71A3000A1156 /* Assets.xcassets */,
			);
			path = Resource;
			sourceTree = "<group>";
		};
		BD1C53BF2B7A7256000A1156 /* Core */ = {
			isa = PBXGroup;
			children = (
				BD1C53BD2B7A724F000A1156 /* HomeView.swift */,
				BD1C53FE2B7A831D000A1156 /* InterviewView.swift */,
				BD1C54002B7A833B000A1156 /* InterviewResultView.swift */,
				BD1C54022B7A8348000A1156 /* InterviewDetailView.swift */,
				BD1C540A2B7A879B000A1156 /* SettingsView.swift */,
			);
			path = Core;
			sourceTree = "<group>";
		};
		BD1C53C02B7A725C000A1156 /* Sub */ = {
			isa = PBXGroup;
			children = (
				BD1C53F62B7A7FEF000A1156 /* SplashView.swift */,
				BD1C54042B7A86D9000A1156 /* HistoryPageView.swift */,
				BD1C54062B7A86E9000A1156 /* InterviewPageView.swift */,
				BD1C54082B7A86F7000A1156 /* AnalyzePageView.swift */,
				BD1C540C2B7AAE28000A1156 /* CompanyTypeSelectorView.swift */,
				BD1C540E2B7AAE39000A1156 /* CareerTypeSelectorView.swift */,
			);
			path = Sub;
			sourceTree = "<group>";
		};
		BD1C53C12B7A7262000A1156 /* Component */ = {
			isa = PBXGroup;
			children = (
				BD1C53F82B7A80AA000A1156 /* LoadingIndicator.swift */,
				BD3B9EF02B7AE31E0043B1BB /* InterviewCaution.swift */,
				BD3B9EF22B7AE9940043B1BB /* InterviewBackground.swift */,
				BD3B9EF42B7AEA380043B1BB /* InterviewHeaderAndFrame.swift */,
			);
			path = Component;
			sourceTree = "<group>";
		};
		BD1C53C22B7A72C9000A1156 /* Model */ = {
			isa = PBXGroup;
			children = (
				BD1C53F02B7A7EE3000A1156 /* Home */,
				BD1C53E72B7A7E5C000A1156 /* InterviewOptions */,
				BD1C53F32B7A7F6F000A1156 /* AnalyzeData */,
			);
			path = Model;
			sourceTree = "<group>";
		};
		BD1C53C32B7A72D1000A1156 /* ViewModel */ = {
			isa = PBXGroup;
			children = (
				BD1C53FA2B7A80EC000A1156 /* HomeManager.swift */,
				BD1C541B2B7ACECC000A1156 /* InterviewManager.swift */,
				BD339A452B7D97C200C81EED /* SettingsManager.swift */,
			);
			path = ViewModel;
			sourceTree = "<group>";
		};
		BD1C53C42B7A72E1000A1156 /* Database */ = {
			isa = PBXGroup;
			children = (
				BD1C53DB2B7A7574000A1156 /* RealmObject */,
				BD1C53DC2B7A7584000A1156 /* DAO */,
			);
			path = Database;
			sourceTree = "<group>";
		};
		BD1C53C52B7A72EC000A1156 /* Camera */ = {
			isa = PBXGroup;
			children = (
				BD1C54152B7AC376000A1156 /* CameraService.swift */,
				BD1C54172B7AC382000A1156 /* CameraPreview.swift */,
				BD1C54192B7AC3A8000A1156 /* CameraRepresent.swift */,
			);
			path = Camera;
			sourceTree = "<group>";
		};
		BD1C53C62B7A72FB000A1156 /* Extension */ = {
			isa = PBXGroup;
			children = (
				BD1C53CA2B7A742A000A1156 /* Font+CustomFonts.swift */,
			);
			path = Extension;
			sourceTree = "<group>";
		};
		BD1C53C72B7A730A000A1156 /* HTTPConnection */ = {
			isa = PBXGroup;
			children = (
				BDE05F992B7BF7FD002D5DDC /* GPT */,
				BD3B9EF62B7AEE1D0043B1BB /* Request */,
				BD1C54122B7AB2B1000A1156 /* Responses */,
			);
			path = HTTPConnection;
			sourceTree = "<group>";
		};
		BD1C53C82B7A7327000A1156 /* Fonts */ = {
			isa = PBXGroup;
			children = (
				BD1C53CF2B7A74F1000A1156 /* NotoSansJP-Black.ttf */,
				BD1C53CE2B7A74F1000A1156 /* NotoSansJP-Bold.ttf */,
				BD1C53CC2B7A74F1000A1156 /* NotoSansJP-Medium.ttf */,
				BD1C53CD2B7A74F1000A1156 /* NotoSansJP-Regular.ttf */,
				BD1C53D02B7A74F1000A1156 /* NotoSansJP-SemiBold.ttf */,
			);
			path = Fonts;
			sourceTree = "<group>";
		};
		BD1C53DB2B7A7574000A1156 /* RealmObject */ = {
			isa = PBXGroup;
			children = (
				BD1C53DD2B7A75C5000A1156 /* InterviewOptions.swift */,
				BD1C53E12B7A779D000A1156 /* MockInterview.swift */,
			);
			path = RealmObject;
			sourceTree = "<group>";
		};
		BD1C53DC2B7A7584000A1156 /* DAO */ = {
			isa = PBXGroup;
			children = (
				BD1C53DF2B7A75E9000A1156 /* InterviewOptionsDAO.swift */,
				BD1C53E32B7A77D3000A1156 /* MockInterviewDAO.swift */,
			);
			path = DAO;
			sourceTree = "<group>";
		};
		BD1C53E72B7A7E5C000A1156 /* InterviewOptions */ = {
			isa = PBXGroup;
			children = (
				BD1C53E82B7A7E7E000A1156 /* InterviewType.swift */,
				BD1C53EA2B7A7E97000A1156 /* CompanyType.swift */,
				BD1C53EC2B7A7EAB000A1156 /* CareerType.swift */,
			);
			path = InterviewOptions;
			sourceTree = "<group>";
		};
		BD1C53F02B7A7EE3000A1156 /* Home */ = {
			isa = PBXGroup;
			children = (
				BD1C53F12B7A7EF2000A1156 /* HomePage.swift */,
			);
			path = Home;
			sourceTree = "<group>";
		};
		BD1C53F32B7A7F6F000A1156 /* AnalyzeData */ = {
			isa = PBXGroup;
			children = (
				BD1C53F42B7A7F89000A1156 /* GraphData.swift */,
			);
			path = AnalyzeData;
			sourceTree = "<group>";
		};
		BD1C54122B7AB2B1000A1156 /* Responses */ = {
			isa = PBXGroup;
			children = (
				BDE05F972B7BF7A0002D5DDC /* GPTResponse.swift */,
			);
			path = Responses;
			sourceTree = "<group>";
		};
		BD3B9EF62B7AEE1D0043B1BB /* Request */ = {
			isa = PBXGroup;
			children = (
				BDE05F952B7BF461002D5DDC /* GPTRequest.swift */,
			);
			path = Request;
			sourceTree = "<group>";
		};
		BDE05F922B7BEFD5002D5DDC /* OpenAI */ = {
			isa = PBXGroup;
			children = (
				BDE05F932B7BF023002D5DDC /* GPTInfo.swift */,
			);
			path = OpenAI;
			sourceTree = "<group>";
		};
		BDE05F992B7BF7FD002D5DDC /* GPT */ = {
			isa = PBXGroup;
			children = (
				BDE05F9A2B7BF80C002D5DDC /* GPTMessage.swift */,
			);
			path = GPT;
			sourceTree = "<group>";
		};
		BDE05F9C2B7C0EAE002D5DDC /* STT */ = {
			isa = PBXGroup;
			children = (
				BDE05F9D2B7C0EC7002D5DDC /* STTService.swift */,
			);
			path = STT;
			sourceTree = "<group>";
		};
		BDE05F9F2B7CDDE1002D5DDC /* Switcher */ = {
			isa = PBXGroup;
			children = (
				BDE05FA02B7CDE28002D5DDC /* InterviewViewSwitcherView.swift */,
			);
			path = Switcher;
			sourceTree = "<group>";
		};
/* End PBXGroup section */

/* Begin PBXNativeTarget section */
		BD1C53A82B7A71A2000A1156 /* JEC-Syuukatsuippo */ = {
			isa = PBXNativeTarget;
			buildConfigurationList = BD1C53B72B7A71A3000A1156 /* Build configuration list for PBXNativeTarget "JEC-Syuukatsuippo" */;
			buildPhases = (
				BD1C53A52B7A71A2000A1156 /* Sources */,
				BD1C53A62B7A71A2000A1156 /* Frameworks */,
				BD1C53A72B7A71A2000A1156 /* Resources */,
			);
			buildRules = (
			);
			dependencies = (
			);
			name = "JEC-Syuukatsuippo";
			packageProductDependencies = (
				BD1C53D72B7A754B000A1156 /* Realm */,
				BD1C53D92B7A754B000A1156 /* RealmSwift */,
			);
			productName = "JEC-Syuukatsuippo";
			productReference = BD1C53A92B7A71A2000A1156 /* JEC-Syuukatsuippo.app */;
			productType = "com.apple.product-type.application";
		};
/* End PBXNativeTarget section */

/* Begin PBXProject section */
		BD1C53A12B7A71A2000A1156 /* Project object */ = {
			isa = PBXProject;
			attributes = {
				BuildIndependentTargetsInParallel = 1;
				LastSwiftUpdateCheck = 1500;
				LastUpgradeCheck = 1500;
				TargetAttributes = {
					BD1C53A82B7A71A2000A1156 = {
						CreatedOnToolsVersion = 15.0;
					};
				};
			};
			buildConfigurationList = BD1C53A42B7A71A2000A1156 /* Build configuration list for PBXProject "JEC-Syuukatsuippo" */;
			compatibilityVersion = "Xcode 14.0";
			developmentRegion = en;
			hasScannedForEncodings = 0;
			knownRegions = (
				en,
				Base,
			);
			mainGroup = BD1C53A02B7A71A2000A1156;
			packageReferences = (
				BD1C53D62B7A754B000A1156 /* XCRemoteSwiftPackageReference "realm-swift" */,
			);
			productRefGroup = BD1C53AA2B7A71A2000A1156 /* Products */;
			projectDirPath = "";
			projectRoot = "";
			targets = (
				BD1C53A82B7A71A2000A1156 /* JEC-Syuukatsuippo */,
			);
		};
/* End PBXProject section */

/* Begin PBXResourcesBuildPhase section */
		BD1C53A72B7A71A2000A1156 /* Resources */ = {
			isa = PBXResourcesBuildPhase;
			buildActionMask = 2147483647;
			files = (
				BD1C53D52B7A74F1000A1156 /* NotoSansJP-SemiBold.ttf in Resources */,
				BD1C53D22B7A74F1000A1156 /* NotoSansJP-Regular.ttf in Resources */,
				BD1C53D42B7A74F1000A1156 /* NotoSansJP-Black.ttf in Resources */,
				BD1C53D12B7A74F1000A1156 /* NotoSansJP-Medium.ttf in Resources */,
				BD1C53D32B7A74F1000A1156 /* NotoSansJP-Bold.ttf in Resources */,
				BD1C53B42B7A71A3000A1156 /* Preview Assets.xcassets in Resources */,
				BD1C53B12B7A71A3000A1156 /* Assets.xcassets in Resources */,
			);
			runOnlyForDeploymentPostprocessing = 0;
		};
/* End PBXResourcesBuildPhase section */

/* Begin PBXSourcesBuildPhase section */
		BD1C53A52B7A71A2000A1156 /* Sources */ = {
			isa = PBXSourcesBuildPhase;
			buildActionMask = 2147483647;
			files = (
				BDE05FA12B7CDE28002D5DDC /* InterviewViewSwitcherView.swift in Sources */,
				BD1C53FB2B7A80EC000A1156 /* HomeManager.swift in Sources */,
				BD1C53E02B7A75E9000A1156 /* InterviewOptionsDAO.swift in Sources */,
				BD1C53AD2B7A71A2000A1156 /* JEC_SyuukatsuippoApp.swift in Sources */,
				BD1C540F2B7AAE39000A1156 /* CareerTypeSelectorView.swift in Sources */,
				BD1C54072B7A86E9000A1156 /* InterviewPageView.swift in Sources */,
				BD1C540D2B7AAE28000A1156 /* CompanyTypeSelectorView.swift in Sources */,
				BD1C541A2B7AC3A8000A1156 /* CameraRepresent.swift in Sources */,
				BDE05F942B7BF023002D5DDC /* GPTInfo.swift in Sources */,
				BD1C54162B7AC376000A1156 /* CameraService.swift in Sources */,
				BDE05F962B7BF461002D5DDC /* GPTRequest.swift in Sources */,
				BD1C53BE2B7A724F000A1156 /* HomeView.swift in Sources */,
				BD1C541C2B7ACECC000A1156 /* InterviewManager.swift in Sources */,
				BDE05F9B2B7BF80C002D5DDC /* GPTMessage.swift in Sources */,
				BD339A462B7D97C200C81EED /* SettingsManager.swift in Sources */,
				BD1C53EB2B7A7E97000A1156 /* CompanyType.swift in Sources */,
				BD3B9EF12B7AE31E0043B1BB /* InterviewCaution.swift in Sources */,
				BDE05F9E2B7C0EC7002D5DDC /* STTService.swift in Sources */,
				BDE05F982B7BF7A0002D5DDC /* GPTResponse.swift in Sources */,
				BD1C53F52B7A7F89000A1156 /* GraphData.swift in Sources */,
				BD1C53E92B7A7E7E000A1156 /* InterviewType.swift in Sources */,
				BD1C54032B7A8348000A1156 /* InterviewDetailView.swift in Sources */,
				BD1C540B2B7A879B000A1156 /* SettingsView.swift in Sources */,
				BD1C53E22B7A779D000A1156 /* MockInterview.swift in Sources */,
				BD1C54182B7AC382000A1156 /* CameraPreview.swift in Sources */,
				BD1C53E42B7A77D3000A1156 /* MockInterviewDAO.swift in Sources */,
				BD3B9EF52B7AEA380043B1BB /* InterviewHeaderAndFrame.swift in Sources */,
				BD1C53F22B7A7EF2000A1156 /* HomePage.swift in Sources */,
				BD1C53DE2B7A75C5000A1156 /* InterviewOptions.swift in Sources */,
				BD1C53CB2B7A742A000A1156 /* Font+CustomFonts.swift in Sources */,
				BD1C54092B7A86F7000A1156 /* AnalyzePageView.swift in Sources */,
				BD1C53E62B7A7A7D000A1156 /* InterviewInfoTemp.swift in Sources */,
				BD3B9EF32B7AE9940043B1BB /* InterviewBackground.swift in Sources */,
				BD1C53F92B7A80AA000A1156 /* LoadingIndicator.swift in Sources */,
				BD1C53ED2B7A7EAB000A1156 /* CareerType.swift in Sources */,
				BD1C53FF2B7A831D000A1156 /* InterviewView.swift in Sources */,
				BD1C54012B7A833B000A1156 /* InterviewResultView.swift in Sources */,
				BD1C54052B7A86D9000A1156 /* HistoryPageView.swift in Sources */,
				BD1C53F72B7A7FEF000A1156 /* SplashView.swift in Sources */,
			);
			runOnlyForDeploymentPostprocessing = 0;
		};
/* End PBXSourcesBuildPhase section */

/* Begin XCBuildConfiguration section */
		BD1C53B52B7A71A3000A1156 /* Debug */ = {
			isa = XCBuildConfiguration;
			buildSettings = {
				ALWAYS_SEARCH_USER_PATHS = NO;
				ASSETCATALOG_COMPILER_GENERATE_SWIFT_ASSET_SYMBOL_EXTENSIONS = YES;
				CLANG_ANALYZER_NONNULL = YES;
				CLANG_ANALYZER_NUMBER_OBJECT_CONVERSION = YES_AGGRESSIVE;
				CLANG_CXX_LANGUAGE_STANDARD = "gnu++20";
				CLANG_ENABLE_MODULES = YES;
				CLANG_ENABLE_OBJC_ARC = YES;
				CLANG_ENABLE_OBJC_WEAK = YES;
				CLANG_WARN_BLOCK_CAPTURE_AUTORELEASING = YES;
				CLANG_WARN_BOOL_CONVERSION = YES;
				CLANG_WARN_COMMA = YES;
				CLANG_WARN_CONSTANT_CONVERSION = YES;
				CLANG_WARN_DEPRECATED_OBJC_IMPLEMENTATIONS = YES;
				CLANG_WARN_DIRECT_OBJC_ISA_USAGE = YES_ERROR;
				CLANG_WARN_DOCUMENTATION_COMMENTS = YES;
				CLANG_WARN_EMPTY_BODY = YES;
				CLANG_WARN_ENUM_CONVERSION = YES;
				CLANG_WARN_INFINITE_RECURSION = YES;
				CLANG_WARN_INT_CONVERSION = YES;
				CLANG_WARN_NON_LITERAL_NULL_CONVERSION = YES;
				CLANG_WARN_OBJC_IMPLICIT_RETAIN_SELF = YES;
				CLANG_WARN_OBJC_LITERAL_CONVERSION = YES;
				CLANG_WARN_OBJC_ROOT_CLASS = YES_ERROR;
				CLANG_WARN_QUOTED_INCLUDE_IN_FRAMEWORK_HEADER = YES;
				CLANG_WARN_RANGE_LOOP_ANALYSIS = YES;
				CLANG_WARN_STRICT_PROTOTYPES = YES;
				CLANG_WARN_SUSPICIOUS_MOVE = YES;
				CLANG_WARN_UNGUARDED_AVAILABILITY = YES_AGGRESSIVE;
				CLANG_WARN_UNREACHABLE_CODE = YES;
				CLANG_WARN__DUPLICATE_METHOD_MATCH = YES;
				COPY_PHASE_STRIP = NO;
				DEBUG_INFORMATION_FORMAT = dwarf;
				ENABLE_STRICT_OBJC_MSGSEND = YES;
				ENABLE_TESTABILITY = YES;
				ENABLE_USER_SCRIPT_SANDBOXING = YES;
				GCC_C_LANGUAGE_STANDARD = gnu17;
				GCC_DYNAMIC_NO_PIC = NO;
				GCC_NO_COMMON_BLOCKS = YES;
				GCC_OPTIMIZATION_LEVEL = 0;
				GCC_PREPROCESSOR_DEFINITIONS = (
					"DEBUG=1",
					"$(inherited)",
				);
				GCC_WARN_64_TO_32_BIT_CONVERSION = YES;
				GCC_WARN_ABOUT_RETURN_TYPE = YES_ERROR;
				GCC_WARN_UNDECLARED_SELECTOR = YES;
				GCC_WARN_UNINITIALIZED_AUTOS = YES_AGGRESSIVE;
				GCC_WARN_UNUSED_FUNCTION = YES;
				GCC_WARN_UNUSED_VARIABLE = YES;
				IPHONEOS_DEPLOYMENT_TARGET = 17.0;
				LOCALIZATION_PREFERS_STRING_CATALOGS = YES;
				MTL_ENABLE_DEBUG_INFO = INCLUDE_SOURCE;
				MTL_FAST_MATH = YES;
				ONLY_ACTIVE_ARCH = YES;
				SDKROOT = iphoneos;
				SWIFT_ACTIVE_COMPILATION_CONDITIONS = "DEBUG $(inherited)";
				SWIFT_OPTIMIZATION_LEVEL = "-Onone";
			};
			name = Debug;
		};
		BD1C53B62B7A71A3000A1156 /* Release */ = {
			isa = XCBuildConfiguration;
			buildSettings = {
				ALWAYS_SEARCH_USER_PATHS = NO;
				ASSETCATALOG_COMPILER_GENERATE_SWIFT_ASSET_SYMBOL_EXTENSIONS = YES;
				CLANG_ANALYZER_NONNULL = YES;
				CLANG_ANALYZER_NUMBER_OBJECT_CONVERSION = YES_AGGRESSIVE;
				CLANG_CXX_LANGUAGE_STANDARD = "gnu++20";
				CLANG_ENABLE_MODULES = YES;
				CLANG_ENABLE_OBJC_ARC = YES;
				CLANG_ENABLE_OBJC_WEAK = YES;
				CLANG_WARN_BLOCK_CAPTURE_AUTORELEASING = YES;
				CLANG_WARN_BOOL_CONVERSION = YES;
				CLANG_WARN_COMMA = YES;
				CLANG_WARN_CONSTANT_CONVERSION = YES;
				CLANG_WARN_DEPRECATED_OBJC_IMPLEMENTATIONS = YES;
				CLANG_WARN_DIRECT_OBJC_ISA_USAGE = YES_ERROR;
				CLANG_WARN_DOCUMENTATION_COMMENTS = YES;
				CLANG_WARN_EMPTY_BODY = YES;
				CLANG_WARN_ENUM_CONVERSION = YES;
				CLANG_WARN_INFINITE_RECURSION = YES;
				CLANG_WARN_INT_CONVERSION = YES;
				CLANG_WARN_NON_LITERAL_NULL_CONVERSION = YES;
				CLANG_WARN_OBJC_IMPLICIT_RETAIN_SELF = YES;
				CLANG_WARN_OBJC_LITERAL_CONVERSION = YES;
				CLANG_WARN_OBJC_ROOT_CLASS = YES_ERROR;
				CLANG_WARN_QUOTED_INCLUDE_IN_FRAMEWORK_HEADER = YES;
				CLANG_WARN_RANGE_LOOP_ANALYSIS = YES;
				CLANG_WARN_STRICT_PROTOTYPES = YES;
				CLANG_WARN_SUSPICIOUS_MOVE = YES;
				CLANG_WARN_UNGUARDED_AVAILABILITY = YES_AGGRESSIVE;
				CLANG_WARN_UNREACHABLE_CODE = YES;
				CLANG_WARN__DUPLICATE_METHOD_MATCH = YES;
				COPY_PHASE_STRIP = NO;
				DEBUG_INFORMATION_FORMAT = "dwarf-with-dsym";
				ENABLE_NS_ASSERTIONS = NO;
				ENABLE_STRICT_OBJC_MSGSEND = YES;
				ENABLE_USER_SCRIPT_SANDBOXING = YES;
				GCC_C_LANGUAGE_STANDARD = gnu17;
				GCC_NO_COMMON_BLOCKS = YES;
				GCC_WARN_64_TO_32_BIT_CONVERSION = YES;
				GCC_WARN_ABOUT_RETURN_TYPE = YES_ERROR;
				GCC_WARN_UNDECLARED_SELECTOR = YES;
				GCC_WARN_UNINITIALIZED_AUTOS = YES_AGGRESSIVE;
				GCC_WARN_UNUSED_FUNCTION = YES;
				GCC_WARN_UNUSED_VARIABLE = YES;
				IPHONEOS_DEPLOYMENT_TARGET = 17.0;
				LOCALIZATION_PREFERS_STRING_CATALOGS = YES;
				MTL_ENABLE_DEBUG_INFO = NO;
				MTL_FAST_MATH = YES;
				SDKROOT = iphoneos;
				SWIFT_COMPILATION_MODE = wholemodule;
				VALIDATE_PRODUCT = YES;
			};
			name = Release;
		};
		BD1C53B82B7A71A3000A1156 /* Debug */ = {
			isa = XCBuildConfiguration;
			buildSettings = {
				ASSETCATALOG_COMPILER_APPICON_NAME = AppIcon;
				ASSETCATALOG_COMPILER_GLOBAL_ACCENT_COLOR_NAME = AccentColor;
				CODE_SIGN_STYLE = Automatic;
				CURRENT_PROJECT_VERSION = 1;
				DEVELOPMENT_ASSET_PATHS = "\"JEC-Syuukatsuippo/Preview Content\"";
				DEVELOPMENT_TEAM = SHUGXU55KP;
				ENABLE_PREVIEWS = YES;
				GENERATE_INFOPLIST_FILE = YES;
				INFOPLIST_FILE = "JEC-Syuukatsuippo/Info.plist";
				INFOPLIST_KEY_CFBundleDisplayName = "就活一歩";
				INFOPLIST_KEY_LSApplicationCategoryType = "public.app-category.business";
				INFOPLIST_KEY_NSCameraUsageDescription = "模擬面接中の録画や顔認識を行います";
				INFOPLIST_KEY_NSMicrophoneUsageDescription = "模擬面接中の音声を取得してテキストに変換します";
				INFOPLIST_KEY_NSPhotoLibraryAddUsageDescription = "必要時、模擬面接動画を端末に保存します。";
				INFOPLIST_KEY_NSSpeechRecognitionUsageDescription = "模擬面接中の質問を読み上げます";
				INFOPLIST_KEY_UIApplicationSceneManifest_Generation = YES;
				INFOPLIST_KEY_UIApplicationSupportsIndirectInputEvents = YES;
				INFOPLIST_KEY_UILaunchScreen_Generation = YES;
				INFOPLIST_KEY_UISupportedInterfaceOrientations = UIInterfaceOrientationPortrait;
				INFOPLIST_KEY_UISupportedInterfaceOrientations_iPad = "UIInterfaceOrientationLandscapeLeft UIInterfaceOrientationLandscapeRight UIInterfaceOrientationPortrait";
				IPHONEOS_DEPLOYMENT_TARGET = 16.0;
				LD_RUNPATH_SEARCH_PATHS = (
					"$(inherited)",
					"@executable_path/Frameworks",
				);
				MARKETING_VERSION = 1.0;
				PRODUCT_BUNDLE_IDENTIFIER = "com.znak99.JEC-Syuukatsuippo";
				PRODUCT_NAME = "$(TARGET_NAME)";
				SWIFT_EMIT_LOC_STRINGS = YES;
				SWIFT_VERSION = 5.0;
				TARGETED_DEVICE_FAMILY = "1,2";
			};
			name = Debug;
		};
		BD1C53B92B7A71A3000A1156 /* Release */ = {
			isa = XCBuildConfiguration;
			buildSettings = {
				ASSETCATALOG_COMPILER_APPICON_NAME = AppIcon;
				ASSETCATALOG_COMPILER_GLOBAL_ACCENT_COLOR_NAME = AccentColor;
				CODE_SIGN_STYLE = Automatic;
				CURRENT_PROJECT_VERSION = 1;
				DEVELOPMENT_ASSET_PATHS = "\"JEC-Syuukatsuippo/Preview Content\"";
				DEVELOPMENT_TEAM = SHUGXU55KP;
				ENABLE_PREVIEWS = YES;
				GENERATE_INFOPLIST_FILE = YES;
				INFOPLIST_FILE = "JEC-Syuukatsuippo/Info.plist";
				INFOPLIST_KEY_CFBundleDisplayName = "就活一歩";
				INFOPLIST_KEY_LSApplicationCategoryType = "public.app-category.business";
				INFOPLIST_KEY_NSCameraUsageDescription = "模擬面接中の録画や顔認識を行います";
				INFOPLIST_KEY_NSMicrophoneUsageDescription = "模擬面接中の音声を取得してテキストに変換します";
				INFOPLIST_KEY_NSPhotoLibraryAddUsageDescription = "必要時、模擬面接動画を端末に保存します。";
				INFOPLIST_KEY_NSSpeechRecognitionUsageDescription = "模擬面接中の質問を読み上げます";
				INFOPLIST_KEY_UIApplicationSceneManifest_Generation = YES;
				INFOPLIST_KEY_UIApplicationSupportsIndirectInputEvents = YES;
				INFOPLIST_KEY_UILaunchScreen_Generation = YES;
				INFOPLIST_KEY_UISupportedInterfaceOrientations = UIInterfaceOrientationPortrait;
				INFOPLIST_KEY_UISupportedInterfaceOrientations_iPad = "UIInterfaceOrientationLandscapeLeft UIInterfaceOrientationLandscapeRight UIInterfaceOrientationPortrait";
				IPHONEOS_DEPLOYMENT_TARGET = 16.0;
				LD_RUNPATH_SEARCH_PATHS = (
					"$(inherited)",
					"@executable_path/Frameworks",
				);
				MARKETING_VERSION = 1.0;
				PRODUCT_BUNDLE_IDENTIFIER = "com.znak99.JEC-Syuukatsuippo";
				PRODUCT_NAME = "$(TARGET_NAME)";
				SWIFT_EMIT_LOC_STRINGS = YES;
				SWIFT_VERSION = 5.0;
				TARGETED_DEVICE_FAMILY = "1,2";
			};
			name = Release;
		};
/* End XCBuildConfiguration section */

/* Begin XCConfigurationList section */
		BD1C53A42B7A71A2000A1156 /* Build configuration list for PBXProject "JEC-Syuukatsuippo" */ = {
			isa = XCConfigurationList;
			buildConfigurations = (
				BD1C53B52B7A71A3000A1156 /* Debug */,
				BD1C53B62B7A71A3000A1156 /* Release */,
			);
			defaultConfigurationIsVisible = 0;
			defaultConfigurationName = Release;
		};
		BD1C53B72B7A71A3000A1156 /* Build configuration list for PBXNativeTarget "JEC-Syuukatsuippo" */ = {
			isa = XCConfigurationList;
			buildConfigurations = (
				BD1C53B82B7A71A3000A1156 /* Debug */,
				BD1C53B92B7A71A3000A1156 /* Release */,
			);
			defaultConfigurationIsVisible = 0;
			defaultConfigurationName = Release;
		};
/* End XCConfigurationList section */

/* Begin XCRemoteSwiftPackageReference section */
		BD1C53D62B7A754B000A1156 /* XCRemoteSwiftPackageReference "realm-swift" */ = {
			isa = XCRemoteSwiftPackageReference;
			repositoryURL = "https://github.com/realm/realm-swift.git";
			requirement = {
				branch = master;
				kind = branch;
			};
		};
/* End XCRemoteSwiftPackageReference section */

/* Begin XCSwiftPackageProductDependency section */
		BD1C53D72B7A754B000A1156 /* Realm */ = {
			isa = XCSwiftPackageProductDependency;
			package = BD1C53D62B7A754B000A1156 /* XCRemoteSwiftPackageReference "realm-swift" */;
			productName = Realm;
		};
		BD1C53D92B7A754B000A1156 /* RealmSwift */ = {
			isa = XCSwiftPackageProductDependency;
			package = BD1C53D62B7A754B000A1156 /* XCRemoteSwiftPackageReference "realm-swift" */;
			productName = RealmSwift;
		};
/* End XCSwiftPackageProductDependency section */
	};
	rootObject = BD1C53A12B7A71A2000A1156 /* Project object */;
}
