{
  "pins" : [
    {
      "identity" : "realm-core",
      "kind" : "remoteSourceControl",
      "location" : "https://github.com/realm/realm-core.git",
      "state" : {
        "revision" : "a5e87a39cffdcc591f3203c11cfca68100d0b9a6",
        "version" : "13.26.0"
      }
    },
    {
      "identity" : "realm-swift",
      "kind" : "remoteSourceControl",
      "location" : "https://github.com/realm/realm-swift.git",
      "state" : {
        "branch" : "master",
        "revision" : "6b1b7a836625cca8feb0d8461d33842e05e0d0e0"
      }
    }
  ],
  "version" : 2
}
